# This file is autogenerated, do not edit; changes may be undone by the next 'dep ensure'.


[[projects]]
  branch = "master"
  digest = "1:6716c9fe6333591128e72848f246fc01dc72240e1e64185d8b4e124e7280b35d"
  name = "github.com/AndreasBriese/bbloom"
  packages = ["."]
  pruneopts = "UT"
  revision = "e2d15f34fcf99d5dbb871c820ec73f710fca9815"

[[projects]]
  digest = "1:4a7be34ac4d3c56c039ece7d674236bde2d95f6adc93262cbb21d5b758566b15"
  name = "github.com/Kubuxu/go-os-helper"
  packages = ["."]
  pruneopts = "UT"
  revision = "3d3fc2fb493d8d889dddd5a4524283ac2faa4732"
  version = "v0.0.1"

[[projects]]
  digest = "1:8c0de084c65b43922d0c9e4d92884215ef5f0ec7874db83634f889e08b218ad5"
  name = "github.com/RTradeLtd/ChainRider-Go"
  packages = ["dash"]
  pruneopts = "UT"
  revision = "b349e4d6e951fd702607156ec4ee4064ef57f2ab"
  version = "v1.0.7"

[[projects]]
  digest = "1:b4f9afbe6fb859c838103844a50a0fc09d93d3fe53febe8869be6847f520ba0d"
  name = "github.com/RTradeLtd/cmd"
  packages = ["."]
  pruneopts = "UT"
  revision = "ca0a701114fc379024f5cf1673e2a60ec0537dc5"
  version = "v2.0.1"

[[projects]]
  digest = "1:26bd7fc13dbe68c8f3cb985d6a365d990fef7a2bfefc6cc4aa631bc51b1fedab"
  name = "github.com/RTradeLtd/config"
  packages = ["."]
  pruneopts = "UT"
  revision = "4140b3d6ec5751c110f0660a52b1b3209b95ddd6"
  version = "v2.0.3"

[[projects]]
  digest = "1:8859d83d94d112382fbdd97fc04c2ce196ea044f271ffe8e170826b25131a4f0"
  name = "github.com/RTradeLtd/crypto"
  packages = ["."]
  pruneopts = "UT"
  revision = "599e51d81bcca545e2d53099ba0a558d149ebff5"
  version = "v2.0.0"

[[projects]]
  digest = "1:89d7eafad3af2485b99fb3e55b35cc9a8d777577378bd99b800d5b4fb0226a24"
  name = "github.com/RTradeLtd/database"
  packages = [
    ".",
    "models",
    "utils",
  ]
  pruneopts = "UT"
  revision = "1a91ec49118473ad454387ff12409f225b5612c7"
  version = "v2.1.0"

[[projects]]
  branch = "master"
  digest = "1:13077d94af7390c15eb9b9e85155e66236fde32a9ce82cea459606eb8a22545f"
  name = "github.com/RTradeLtd/entropy-mnemonics"
  packages = ["."]
  pruneopts = "UT"
  revision = "7b01a644a63680b90de22bacfb11d832e944eaab"

[[projects]]
  digest = "1:c15c01dd989ccdcb924df08942887d46d70e75fe23639cd88e1730ec2f118827"
  name = "github.com/RTradeLtd/go-ipfs-api"
  packages = [
    ".",
    "options",
  ]
  pruneopts = "UT"
  revision = "211c01748c9ec9d7ab966f6694bbd2ef382fed55"
  version = "v2.0.9"

[[projects]]
  branch = "versioned"
  digest = "1:cbfe83c6fd0098e4bb003e968c7ec3d5526505287698a972b11c0caa4abe4935"
  name = "github.com/RTradeLtd/gorm"
  packages = [
    ".",
    "dialects/postgres",
  ]
  pruneopts = "UT"
  revision = "d2072fe8bb4a46e42fe4f8097f8c015cac19b08c"

[[projects]]
  digest = "1:9422433029ba2d21db1b22a06942f8ab952593106a7e99087101374e1843d372"
  name = "github.com/RTradeLtd/grpc"
  packages = [
    "dialer",
    "krab",
    "lensv2",
    "middleware",
    "nexus",
    "pay",
    "pay/request",
    "pay/response",
  ]
  pruneopts = "UT"
  revision = "62cf828c98c1faeee4f4248f4e0af754168d03ee"
  version = "v2.0.0"

[[projects]]
  digest = "1:3ee4aeaabcea8f5971bff20c07e32fd465fed95e6087febc374da50a4820b43f"
  name = "github.com/RTradeLtd/kaas"
  packages = ["."]
  pruneopts = "UT"
  revision = "eaaa0822c9ff0d40a2e341ccb3976d9dfe2a8921"
  version = "v2.0.2"

[[projects]]
  digest = "1:ad0253af403df2b464116e6f357b96fae0d404bc95818b8e5218b75db2577a8b"
  name = "github.com/RTradeLtd/rtfs"
  packages = [
    ".",
    "beam",
    "krab",
  ]
  pruneopts = "UT"
  revision = "34be30036d3333d61e0d0527e4137d03c907ab36"
  version = "v2.0.2"

[[projects]]
  digest = "1:a164e093eccfde4fb63dc94707f3570d112ff4549072a065a48813c37c0c76a9"
  name = "github.com/appleboy/gin-jwt"
  packages = ["."]
  pruneopts = "UT"
  revision = "f7347d7c16fc8297bf5b7215b9e4847a5ca05d90"

[[projects]]
  branch = "master"
  digest = "1:f309876f24db5a82ca7316c09bb0b703999829d0273ec41802b8da830079e209"
  name = "github.com/aviddiviner/gin-limit"
  packages = ["."]
  pruneopts = "UT"
  revision = "43b5f79762c10a62aab8323f9fc45b87e784625f"

[[projects]]
  branch = "master"
  digest = "1:093bf93a65962e8191e3e8cd8fc6c363f83d43caca9739c906531ba7210a9904"
  name = "github.com/btcsuite/btcd"
  packages = ["btcec"]
  pruneopts = "UT"
  revision = "306aecffea325e97f513b3ff0cf7895a5310651d"

[[projects]]
  branch = "master"
  digest = "1:e8891cd354f2af940345f895d5698ab1ed439196d4f69eb44817fc91e80354c1"
  name = "github.com/c2h5oh/datasize"
  packages = ["."]
  pruneopts = "UT"
  revision = "4eba002a5eaea69cf8d235a388fc6b65ae68d2dd"

[[projects]]
  digest = "1:0ef770954bca104ee99b3b6b7f9b240605ac03517d9f98cbc1893daa03f3c038"
  name = "github.com/coreos/go-semver"
  packages = ["semver"]
  pruneopts = "UT"
  revision = "8ab6407b697782a06568d4b7f1db25550ec2e4c6"
  version = "v0.2.0"

[[projects]]
  branch = "master"
  digest = "1:ff0db56095c10bcdbf92ce2503f1d0d6e2ee0615184cfb96db2907fcb08d454e"
  name = "github.com/davidlazar/go-crypto"
  packages = ["salsa20"]
  pruneopts = "UT"
  revision = "dcfb0a7ac018a248366f96bcd8a2f8c805d7b268"

[[projects]]
  branch = "master"
  digest = "1:02047c136c0ccff3a4c52eaacf4f626aba33df9ee4d665099dd63d18ecc0e1da"
  name = "github.com/dgraph-io/badger"
  packages = [
    ".",
    "options",
    "pb",
    "skl",
    "table",
    "y",
  ]
  pruneopts = "UT"
  revision = "deee8c7ae70bab412e4f10cfa068e0be61a8d0eb"

[[projects]]
  branch = "master"
  digest = "1:ea678afd6431e09f84a56fc6915ccab9189ddd1379fed997e1433ead9586c50b"
  name = "github.com/dgryski/go-farm"
  packages = ["."]
  pruneopts = "UT"
  revision = "3adb47b1fb0f6d9efcc5051a6c62e2e413ac85a9"

[[projects]]
  digest = "1:6f9339c912bbdda81302633ad7e99a28dfa5a639c864061f1929510a9a64aa74"
  name = "github.com/dustin/go-humanize"
  packages = ["."]
  pruneopts = "UT"
  revision = "9f541cc9db5d55bce703bd99987c9d5cb8eea45e"
  version = "v1.0.0"

[[projects]]
  digest = "1:d5976d8b735aaf4d87a471574a3b7acab423268e25a737b9f079018a8a8f9025"
  name = "github.com/dvwright/xss-mw"
  packages = ["."]
  pruneopts = "UT"
  revision = "3b0e27d936532047627248ae1daac184370ff801"
  version = "v1.2-Beta"

[[projects]]
  digest = "1:d1341a04a4443bba8c8af76ec6c3960206074490a1284b4853ff5a88a66c63b7"
  name = "github.com/fd/go-nat"
  packages = ["."]
  pruneopts = "UT"
  revision = "bad65a492f32121a87197f4a085905c35e2a367e"
  version = "v1.0.0"

[[projects]]
  digest = "1:2b59aca2665ff804f6606c8829eaee133ddd3aefbc841014660d961b0034f888"
  name = "github.com/gin-contrib/cors"
  packages = ["."]
  pruneopts = "UT"
  revision = "cf4846e6a636a76237a28d9286f163c132e841bc"
  version = "v1.2"

[[projects]]
  branch = "master"
  digest = "1:0fbd815313bea3553c9230d02666159db996dc81004c7dfccefbc2e3137cdc26"
  name = "github.com/gin-contrib/secure"
  packages = ["."]
  pruneopts = "UT"
  revision = "f9a5befa61069cfea68e8b54d92ac2a0433de46f"

[[projects]]
  branch = "master"
  digest = "1:a4b5a6b32f33323c7850fae4ec085a0fbac3be93c057b6b8cef5bcabe24645ac"
  name = "github.com/gin-contrib/sse"
  packages = ["."]
  pruneopts = "UT"
  revision = "5545eab6dad3bbbd6c5ae9186383c2a9d23c0dae"

[[projects]]
  branch = "master"
  digest = "1:21fcf13997a95e43f13ca665f7765329331dbf8d2803fb59a265981bccd0505c"
  name = "github.com/gin-gonic/gin"
  packages = [
    ".",
    "binding",
    "internal/json",
    "render",
  ]
  pruneopts = "UT"
  revision = "3dc247893e9772d0b95c47f4b32dad3d28feb488"

[[projects]]
  digest = "1:760b2447d30444b6c2da7f77b677921f095fe19e6ed423b2edc1cd47a8507789"
  name = "github.com/gogo/protobuf"
  packages = [
    "io",
    "proto",
  ]
  pruneopts = "UT"
  revision = "ba06b47c162d49f2af050fb4c75bcbc86a159d5c"
  version = "v1.2.1"

[[projects]]
  branch = "master"
  digest = "1:489a99067cd08971bd9c1ee0055119ba8febc1429f9200ab0bec68d35e8c4833"
  name = "github.com/golang/protobuf"
  packages = [
    "jsonpb",
    "proto",
    "protoc-gen-go/descriptor",
    "protoc-gen-go/generator",
    "protoc-gen-go/generator/internal/remap",
    "protoc-gen-go/plugin",
    "ptypes",
    "ptypes/any",
    "ptypes/duration",
    "ptypes/struct",
    "ptypes/timestamp",
    "ptypes/wrappers",
  ]
  pruneopts = "UT"
  revision = "b5d812f8a3706043e23a9cd5babf2e5423744d30"

[[projects]]
  digest = "1:582b704bebaa06b48c29b0cec224a6058a09c86883aaddabde889cd1a5f73e1b"
  name = "github.com/google/uuid"
  packages = ["."]
  pruneopts = "UT"
  revision = "0cd6bf5da1e1c83f8b45653022c74f71af0538a4"
  version = "v1.1.1"

[[projects]]
  digest = "1:7b5c6e2eeaa9ae5907c391a91c132abfd5c9e8a784a341b5625e750c67e6825d"
  name = "github.com/gorilla/websocket"
  packages = ["."]
  pruneopts = "UT"
  revision = "66b9c49e59c6c48f0ffce28c2d8b8a5678502c6d"
  version = "v1.4.0"

[[projects]]
  digest = "1:c805a0558c867a671fc2dd1c6134b92a4d15c3fee5803abc70fdabdcb683ea0b"
  name = "github.com/grpc-ecosystem/go-grpc-middleware"
  packages = [
    ".",
    "tags",
  ]
  pruneopts = "UT"
  revision = "c250d6563d4d4c20252cd865923440e829844f4e"
  version = "v1.0.0"

[[projects]]
  digest = "1:c272da016742f6d54a7ea9c521f2fc89830649722cfe6f0db78e15dad9d090f0"
  name = "github.com/grpc-ecosystem/grpc-gateway"
  packages = [
    "internal",
    "runtime",
    "utilities",
  ]
  pruneopts = "UT"
  revision = "5328886f9f5735cbc4f4819bf6b840a48609ad66"
  version = "v1.8.2"

[[projects]]
  digest = "1:43c609cba7aa615eaae5aa8f2ddba65dc1b2d3af7bc434f738238df8d3797ddb"
  name = "github.com/gxed/hashland"
  packages = [
    "keccakpg",
    "murmur3",
  ]
  pruneopts = "UT"
  revision = "a72cc0875a1e95edd309d3134bc7c11bf2d7360b"
  version = "v0.0.1"

[[projects]]
  digest = "1:67474f760e9ac3799f740db2c489e6423a4cde45520673ec123ac831ad849cb8"
  name = "github.com/hashicorp/golang-lru"
  packages = ["simplelru"]
  pruneopts = "UT"
  revision = "7087cb70de9f7a8bc0a10c375cb0d2280a8edf9c"
  version = "v0.5.1"

[[projects]]
  digest = "1:224575406804342256cee53574cb6e3fd9fea70a14244dfddec36a35babf1317"
  name = "github.com/hsanjuan/go-libp2p-gostream"
  packages = ["."]
  pruneopts = "UT"
  revision = "098a297cda2e42696ca6562524d7a7c095af762c"
  version = "v0.0.30"

[[projects]]
  digest = "1:706c93fcb3a08e8f34932bf490544407935d33e37a8974bdfc91b8e53eeac33e"
  name = "github.com/hsanjuan/go-libp2p-http"
  packages = ["."]
  pruneopts = "UT"
  revision = "62ed14fd8ee37c2eb68e8ac568143573cbd6bd8d"
  version = "v0.0.1"

[[projects]]
  digest = "1:c00cc6d95a674b4b923ac069d364445043bc67836e9bd8aeff8440cfbe6a2cc7"
  name = "github.com/huin/goupnp"
  packages = [
    ".",
    "dcps/internetgateway1",
    "dcps/internetgateway2",
    "httpu",
    "scpd",
    "soap",
    "ssdp",
  ]
  pruneopts = "UT"
  revision = "656e61dfadd241c7cbdd22a023fa81ecb6860ea8"
  version = "v1.0.0"

[[projects]]
  digest = "1:ff780041e005869242b2cf977f1d4fa3b8f9bdd302fd254b4a19f78502a6ee10"
  name = "github.com/ipfs/go-cid"
  packages = ["."]
  pruneopts = "UT"
  revision = "e7e67e08cfba888a4297224402e12832bdc15ea0"
  version = "v0.0.1"

[[projects]]
  digest = "1:5eebae7347e54894abdea56b4cc47f554824e46285d6c805ae4a5a0ca34b6221"
  name = "github.com/ipfs/go-datastore"
  packages = [
    ".",
    "query",
  ]
  pruneopts = "UT"
  revision = "1b371980cb3fe9edba40c0f0584042e5cb4477a4"
  version = "v0.0.1"

[[projects]]
  digest = "1:d8d0362ab4cd3e2a5a1650f9a6979a594ac354c83d656bde8b560af304fe111b"
  name = "github.com/ipfs/go-ds-badger"
  packages = ["."]
  pruneopts = "UT"
  revision = "fd7402d07c6f0e423fa8476a8431e690aa8c1445"
  version = "v0.0.2"

[[projects]]
  digest = "1:fb39724da50ef7dddf47b2491c062d1f6f14e28ae4e44e0c100e8d26ff489461"
  name = "github.com/ipfs/go-ipfs"
  packages = [
    "core",
    "dagutils",
    "exchange/reprovide",
    "filestore",
    "filestore/pb",
    "fuse/mount",
    "keystore",
    "namesys",
    "namesys/republisher",
    "p2p",
    "pin",
    "pin/internal/pb",
    "repo",
    "thirdparty/cidv0v1",
    "thirdparty/math2",
    "thirdparty/verifbs",
  ]
  pruneopts = "UT"
  revision = "83d3f7672b82ccb03e4c106d93e9dadc6427f246"
  version = "v0.4.19"

[[projects]]
  digest = "1:cfecb1f62c703a0b4651b4c98c2b9c7645f2f062038208ad25060a77c9ae7e5d"
  name = "github.com/ipfs/go-ipfs-addr"
  packages = ["."]
  pruneopts = "UT"
  revision = "ac4881d4db36effbbeebf93d9172fcb20ed04c15"
  version = "v0.0.1"

[[projects]]
  digest = "1:ff5efd305539134b77d7448b078ac998d1cfecd1d8ffd49cb5842cc62a68d482"
  name = "github.com/ipfs/go-ipfs-api"
  packages = [
    ".",
    "options",
  ]
  pruneopts = "UT"
  revision = "e5e713c8462a420efcefa1b458560a704ee99090"
  version = "v0.0.1"

[[projects]]
  digest = "1:b339bad919aeac5c8497e2d9607c698df54371fe30eb3c211473012142d524eb"
  name = "github.com/ipfs/go-ipfs-files"
  packages = ["."]
  pruneopts = "UT"
  revision = "946ef0a5786be40d226979e960899c6af16e9a75"
  version = "v0.0.1"

[[projects]]
  digest = "1:0b4439ae69776549e6489b261f66894a1390140dad53f1c3b1fbfc074478590d"
  name = "github.com/ipfs/go-ipfs-util"
  packages = ["."]
  pruneopts = "UT"
  revision = "a4bb5361e49427531f9a716ead2ce4bd9bdd7959"
  version = "v0.0.1"

[[projects]]
  digest = "1:e8c78569402b8dcf846924dea6eb27b1de135c9a53d7adbd2629250ef66c021a"
  name = "github.com/ipfs/go-log"
  packages = [
    ".",
    "tracer",
    "tracer/wire",
    "writer",
  ]
  pruneopts = "UT"
  revision = "91b837264c0f35dd4e2be341d711316b91d3573d"
  version = "v0.0.1"

[[projects]]
  digest = "1:57bb81595e098df73d0e9018fdd7c8f32db46a2cd7fcc74e6404b6fd7a7d8c84"
  name = "github.com/ipfs/go-path"
  packages = ["."]
  pruneopts = "UT"
  revision = "95361c4d70142d87d572080aaa120790af20df5e"
  version = "v0.0.1"

[[projects]]
  digest = "1:f06df30db619cdbf373c96dcbc72c2c76c081882919bff7c72744d8ef2fcfe87"
  name = "github.com/ipfs/ipfs-cluster"
  packages = [
    "api",
    "api/pb",
    "api/rest/client",
  ]
  pruneopts = "UT"
  revision = "f944f44e6ff409de53fe5c5fe87fd2b6091b6b78"
  version = "v0.10.0"

[[projects]]
  digest = "1:b352ae8b1a77cc6b48fc8e314e34a522cfc76d6ca3a06c93b29c9cde5de6771e"
  name = "github.com/jackpal/gateway"
  packages = ["."]
  pruneopts = "UT"
  revision = "cbcf4e3f3baee7952fc386c8b2534af4d267c875"
  version = "v1.0.5"

[[projects]]
  digest = "1:32b82e71cf24f8b78323e0d7903c4b90278486283965aa2a19b1ea13763b8f34"
  name = "github.com/jackpal/go-nat-pmp"
  packages = ["."]
  pruneopts = "UT"
  revision = "c9cfead9f2a36ddf3daa40ba269aa7f4bbba6b62"
  version = "v1.0.1"

[[projects]]
  branch = "master"
  digest = "1:8f4aedc183dc8dfef9a7a1f1ba205dc87ecd2675eea350a736bda889e3bcf8ea"
  name = "github.com/jbenet/go-temp-err-catcher"
  packages = ["."]
  pruneopts = "UT"
  revision = "aac704a3f4f27190b4ccc05f303a4931fd1241ff"

[[projects]]
  branch = "master"
  digest = "1:a2a82ac6d7f2ab5966591f95612e3ecd9afed66051189e06876a29ed3744a3ea"
  name = "github.com/jbenet/goprocess"
  packages = [
    ".",
    "context",
    "periodic",
    "ratelimit",
  ]
  pruneopts = "UT"
  revision = "b497e2f366b8624394fb2e89c10ab607bebdde0b"

[[projects]]
  branch = "master"
  digest = "1:fd97437fbb6b7dce04132cf06775bd258cce305c44add58eb55ca86c6c325160"
  name = "github.com/jinzhu/inflection"
  packages = ["."]
  pruneopts = "UT"
  revision = "04140366298a54a039076d798123ffa108fff46c"

[[projects]]
  digest = "1:3e551bbb3a7c0ab2a2bf4660e7fcad16db089fdcfbb44b0199e62838038623ea"
  name = "github.com/json-iterator/go"
  packages = ["."]
  pruneopts = "UT"
  revision = "1624edc4454b8682399def8740d46db5e4362ba4"
  version = "v1.1.5"

[[projects]]
  digest = "1:b18ffc558326ebaed3b4a175617f1e12ed4e3f53d6ebfe5ba372a3de16d22278"
  name = "github.com/lib/pq"
  packages = [
    ".",
    "hstore",
    "oid",
  ]
  pruneopts = "UT"
  revision = "4ded0e9383f75c197b3a2aaa6d590ac52df6fd79"
  version = "v1.0.0"

[[projects]]
  digest = "1:483fcb9b21a758b47501f8880628b85aa3c4e99e33166867d06fa278965c66b2"
  name = "github.com/libp2p/go-addr-util"
  packages = ["."]
  pruneopts = "UT"
  revision = "4cd36c0f325f9e38f1e31ff7a10b9d94d53a11cf"
  version = "v0.0.1"

[[projects]]
  digest = "1:f9e8d1157f79aa5e81b34e0cdc7a6c99d6e44ad7a098f4e6869b8b83ef3d27bb"
  name = "github.com/libp2p/go-buffer-pool"
  packages = ["."]
  pruneopts = "UT"
  revision = "eecb57f6a721b4a66062ebeb61d1da7ce1c38fbf"
  version = "v0.0.1"

[[projects]]
  digest = "1:5810d7b1453ad0a085afc2afccbe88d606be67b8be1e12706158dbcbf95ae243"
  name = "github.com/libp2p/go-conn-security"
  packages = [
    ".",
    "insecure",
  ]
  pruneopts = "UT"
  revision = "80b6115ae32f104b2ed14d16a8551248f4599338"
  version = "v0.0.1"

[[projects]]
  digest = "1:9c14cac19ac8157c9cb89637da301f6b4994b93fd71da81e252940f6d0cf7332"
  name = "github.com/libp2p/go-conn-security-multistream"
  packages = ["."]
  pruneopts = "UT"
  revision = "d4c3bf7e5688390e4106d3ec73aafd7d0856143b"
  version = "v0.0.1"

[[projects]]
  digest = "1:83d3d59c84ff3da342ab63011d79750ccb987bda399eb64db3abd3e2fd32c18f"
  name = "github.com/libp2p/go-flow-metrics"
  packages = ["."]
  pruneopts = "UT"
  revision = "1f5b3acc846b2c8ce4c4e713296af74f5c24df55"
  version = "v0.0.1"

[[projects]]
  digest = "1:ba0a94e9223806fc5e4589228b77b4cd9f3ec4f1f081368173e37b7200220018"
  name = "github.com/libp2p/go-libp2p"
  packages = [
    ".",
    "config",
    "p2p/host/basic",
    "p2p/host/relay",
    "p2p/host/routed",
    "p2p/protocol/identify",
    "p2p/protocol/identify/pb",
    "p2p/protocol/ping",
  ]
  pruneopts = "UT"
  revision = "2308ba3c0036ddf8ac390c893b71d946c57a7328"
  version = "v0.0.2"

[[projects]]
  digest = "1:50b59552968891b1a76a2cb8cdfab8fcec1ef7e9f6b52a370e3272d52bdf0cc6"
  name = "github.com/libp2p/go-libp2p-autonat"
  packages = [
    ".",
    "pb",
  ]
  pruneopts = "UT"
  revision = "16d66b2ad60fc6b6956b0c2bd332111a94db6dbb"
  version = "v0.0.2"

[[projects]]
  digest = "1:0594d9b7872c30fc9ca10ba52548a15e65c49b4b00d0265edb169c6642e2057c"
  name = "github.com/libp2p/go-libp2p-circuit"
  packages = [
    ".",
    "pb",
  ]
  pruneopts = "UT"
  revision = "0e57e52a3e3dc6d9e446117beded675d021fd3a4"
  version = "v0.0.1"

[[projects]]
  digest = "1:83915d6b4485f9ca8727ad9195d0881f1eeea4c9f286b0c0fb4b0757c21d1bc2"
  name = "github.com/libp2p/go-libp2p-crypto"
  packages = [
    ".",
    "pb",
  ]
  pruneopts = "UT"
  revision = "b0ed0e663e8b6832bad3f4502b2f6551ff2686cd"
  version = "v0.0.1"

[[projects]]
  digest = "1:487c2415ab049c6e98e9c52e9d8cb8fca3ad467b870bc09b3496c7e1a3f4be02"
  name = "github.com/libp2p/go-libp2p-discovery"
  packages = ["."]
  pruneopts = "UT"
  revision = "d4ef632c52ff995d94eaed926529eede8faa3965"
  version = "v0.0.1"

[[projects]]
  digest = "1:eefb0f3dc3b8f28a3449adb4a604220814aa1e62a0e14219751a32e980ae5c73"
  name = "github.com/libp2p/go-libp2p-host"
  packages = ["."]
  pruneopts = "UT"
  revision = "7e2de4bb2b77a5b155b9993309b34e0e8b1890b0"
  version = "v0.0.1"

[[projects]]
  digest = "1:4cd4b5905ba6780005015290a0e3fd5ed0e6354ede303ab0c84caa6b7bb2e311"
  name = "github.com/libp2p/go-libp2p-interface-connmgr"
  packages = ["."]
  pruneopts = "UT"
  revision = "8bddc198c80e6242d016361b3c5f02fb920e9faa"
  version = "v0.0.1"

[[projects]]
  digest = "1:065f0484575f052b79972215142bb50ac634c5282bf85692192fc1dfc8752b8b"
  name = "github.com/libp2p/go-libp2p-interface-pnet"
  packages = ["."]
  pruneopts = "UT"
  revision = "b02026130a4daafb8001e039e116121cb92ae1a9"
  version = "v0.0.1"

[[projects]]
  digest = "1:401eaa568a08603ebcccd833d0d69c2ac1abe153f1260f7a82375c3a455c7223"
  name = "github.com/libp2p/go-libp2p-loggables"
  packages = ["."]
  pruneopts = "UT"
  revision = "332c68ea465a3353571377635eb0fc257a0c38c4"
  version = "v0.0.1"

[[projects]]
  digest = "1:09deed1e61077096d762c465c8cb6bd6f75a89729e27de6b3880feb455ba6358"
  name = "github.com/libp2p/go-libp2p-metrics"
  packages = ["."]
  pruneopts = "UT"
  revision = "f7021db7729eb519a86ec6a90b5b476e6072f6f7"
  version = "v0.0.1"

[[projects]]
  digest = "1:cc670a52d0b340f8f438e0ce8325c7afd82ca43268f25972df2d9a9787b4b477"
  name = "github.com/libp2p/go-libp2p-nat"
  packages = ["."]
  pruneopts = "UT"
  revision = "3efa307896b71a07705d8d0cf7f19a4595c62d4f"
  version = "v0.0.2"

[[projects]]
  digest = "1:61ca447389e97c563657092bb456cdc20fff0727d56bd1be39de36d77405a449"
  name = "github.com/libp2p/go-libp2p-net"
  packages = ["."]
  pruneopts = "UT"
  revision = "3835e54052bfbea8a8cc81758c4981aeda28de51"
  version = "v0.0.1"

[[projects]]
  branch = "master"
  digest = "1:e923cfd6487ad7d67d0dff5acda73234bc25b5567d2014a7b7fa9861232cfa15"
  name = "github.com/libp2p/go-libp2p-peer"
  packages = ["."]
  pruneopts = "UT"
  revision = "6ce6ea8d949b826bc1e663ba5bc321c3cc9c2cce"

[[projects]]
  digest = "1:414e7bdbf70afac2fec22096fb5c48b4eff7e2b71bcc8b8ca1d94447c78c665f"
  name = "github.com/libp2p/go-libp2p-peerstore"
  packages = [
    ".",
    "addr",
    "pstoremem",
  ]
  pruneopts = "UT"
  revision = "d2a21b6d4a88bd06c1cd5700b38df4529e556b28"
  version = "v0.0.1"

[[projects]]
  digest = "1:5d5de8a1d6165e92773a676617b354f352dd39849cbb6580d6d017706ca8e38e"
  name = "github.com/libp2p/go-libp2p-pnet"
  packages = ["."]
  pruneopts = "UT"
  revision = "7424696a369ba1535fd7961f22d710e39ae7c8f9"
  version = "v0.0.1"

[[projects]]
  digest = "1:861a4351f79c9e2bca75407d8801b55da0526feec15ec98b433c2f800ad1f393"
  name = "github.com/libp2p/go-libp2p-protocol"
  packages = ["."]
  pruneopts = "UT"
  revision = "c170ad966a647835bda0cbe4dc710cf9f94949b6"
  version = "v0.0.1"

[[projects]]
  digest = "1:fedcd985451c09e18d2893cf3b255d86a7237a493a9641851c5521f1e68ec49c"
  name = "github.com/libp2p/go-libp2p-pubsub"
  packages = ["pb"]
  pruneopts = "UT"
  revision = "25cbf38777e869acb77e8079c3c76d6b430e66ad"
  version = "v0.0.1"

[[projects]]
  digest = "1:b8a054611838e93f9be110353e3bffd85edfc91b58acccdd8a1c9b5840fbf5b8"
  name = "github.com/libp2p/go-libp2p-routing"
  packages = [
    ".",
    "options",
  ]
  pruneopts = "UT"
  revision = "ab366780f22ac0d2625105a9f6d3cace1817dd30"
  version = "v0.0.1"

[[projects]]
  digest = "1:b37a30d5d82c0e220c568c000cf0b219eae82b8eeb5fea1531bef0cdd553de25"
  name = "github.com/libp2p/go-libp2p-secio"
  packages = [
    ".",
    "pb",
  ]
  pruneopts = "UT"
  revision = "c3eee8a92db23bd65c434512810c60bec85e7ac9"
  version = "v0.0.1"

[[projects]]
  digest = "1:c08066e8661bd6d224320ea669f08b899553a737113c5eb39e437764e52a3533"
  name = "github.com/libp2p/go-libp2p-swarm"
  packages = ["."]
  pruneopts = "UT"
  revision = "60a7ff4a5eda1873184a80689a0c7a3b36e76452"
  version = "v0.0.1"

[[projects]]
  digest = "1:3b26a897674c84976f9ee6d93d91d0fc503a4aada9c6b7a69b5ed4752452d035"
  name = "github.com/libp2p/go-libp2p-transport"
  packages = ["."]
  pruneopts = "UT"
  revision = "760cba29c65701ce7b688f238f6c93cc1d899dde"
  version = "v0.0.4"

[[projects]]
  digest = "1:9e59f3adcbbffe3fd2333843bb3d944e5b42791d86dfdbef67673fb9a1d0bce1"
  name = "github.com/libp2p/go-libp2p-transport-upgrader"
  packages = ["."]
  pruneopts = "UT"
  revision = "b4ab689796cdae99ad6641abcedcd7c23258de0c"
  version = "v0.0.1"

[[projects]]
  digest = "1:56b76ab784de08c03549ce824b2f103390c744016cf22c7d3cacd7f4abb26e54"
  name = "github.com/libp2p/go-maddr-filter"
  packages = ["."]
  pruneopts = "UT"
  revision = "1258bb7e3e3a37bb9a93aaf77ef88f8405b39bce"
  version = "v0.0.1"

[[projects]]
  digest = "1:dca7a0779bc8c3052ff1760928da7fab1d6bdaa568de55c175cb96c83a6d20c4"
  name = "github.com/libp2p/go-mplex"
  packages = ["."]
  pruneopts = "UT"
  revision = "b16006283f6036f9a461f78692c397b134a75393"
  version = "v0.0.1"

[[projects]]
  digest = "1:5e1aa6114bef945e3cc5e255fe5fde699cfc58644a4f8d5e9ae2fc099716ffae"
  name = "github.com/libp2p/go-msgio"
  packages = ["."]
  pruneopts = "UT"
  revision = "2efd92d62d528c56c6711346e82df0c74a5742a8"
  version = "v0.0.1"

[[projects]]
  digest = "1:3218d9edf75d814d2994ce4b14fae01c657a3284af84522efcc8dee89806f4ca"
  name = "github.com/libp2p/go-reuseport"
  packages = ["."]
  pruneopts = "UT"
  revision = "3e6d618acfdfacbbeff71cb2bd70fc188f897a0f"
  version = "v0.0.1"

[[projects]]
  branch = "master"
  digest = "1:b37fa22b6d64e00712af8ad491c42bcb9a48c71390111b9cce5978511bdad7c0"
  name = "github.com/libp2p/go-reuseport-transport"
  packages = ["."]
  pruneopts = "UT"
  revision = "501048f8bce80838310c7ac79e7ed7cbf603fc64"

[[projects]]
  digest = "1:28994f656f7bd53b2f506641d72878250583051bd86477ab8129c613c8437ee3"
  name = "github.com/libp2p/go-stream-muxer"
  packages = ["."]
  pruneopts = "UT"
  revision = "96b8d4dc6b2577782a7c6c33776c115e3d2eacf6"
  version = "v0.0.1"

[[projects]]
  digest = "1:dc759a08537b0057aafc75054ce7c0f83e45442da475d446079e9a82174e1dd1"
  name = "github.com/libp2p/go-tcp-transport"
  packages = ["."]
  pruneopts = "UT"
  revision = "69079ce9b2140ebe9e750c70ac30b94fef08f627"
  version = "v0.0.1"

[[projects]]
  digest = "1:a39747119cc6dd75a4df3e65aba7b43fd264a3f6c3eea8e2622762ae2e3caac7"
  name = "github.com/libp2p/go-ws-transport"
  packages = ["."]
  pruneopts = "UT"
  revision = "2114e839891f0a824d9a36919165fed197522d87"
  version = "v0.0.1"

[[projects]]
  digest = "1:2fa7b0155cd54479a755c629de26f888a918e13f8857a2c442205d825368e084"
  name = "github.com/mattn/go-colorable"
  packages = ["."]
  pruneopts = "UT"
  revision = "3a70a971f94a22f2fa562ffcc7a0eb45f5daf045"
  version = "v0.1.1"

[[projects]]
  digest = "1:3bb9c8451d199650bfd303e0068d86f135952fead374ad87c09a9b8a2cc4bd7c"
  name = "github.com/mattn/go-isatty"
  packages = ["."]
  pruneopts = "UT"
  revision = "369ecd8cea9851e459abb67eb171853e3986591e"
  version = "v0.0.6"

[[projects]]
  digest = "1:6ff1026b8d873d074ddec82ad60bb0eb537dc013f456ef26b63d30beba2f99e7"
  name = "github.com/microcosm-cc/bluemonday"
  packages = ["."]
  pruneopts = "UT"
  revision = "506f3da9b7c86d737e91f16b7431df8635871552"
  version = "v1.0.2"

[[projects]]
  branch = "master"
  digest = "1:130cefe87d7eeefc824978dcb78e35672d4c49a11f25c153fbf0cfd952756fa3"
  name = "github.com/minio/blake2b-simd"
  packages = ["."]
  pruneopts = "UT"
  revision = "3f5f724cb5b182a5c278d6d3d55b40e7f8c2efb4"

[[projects]]
  branch = "master"
  digest = "1:eea9588ebf4cf89c7da8360e8d19627b74b78eec74df6df9e0c5defcee4f3617"
  name = "github.com/minio/sha256-simd"
  packages = ["."]
  pruneopts = "UT"
  revision = "2d45a736cd16732fe6a57563cc20d8b035193e58"

[[projects]]
  digest = "1:5d231480e1c64a726869bc4142d270184c419749d34f167646baa21008eb0a79"
  name = "github.com/mitchellh/go-homedir"
  packages = ["."]
  pruneopts = "UT"
  revision = "af06845cf3004701891bf4fdb884bfe4920b3727"
  version = "v1.1.0"

[[projects]]
  digest = "1:33422d238f147d247752996a26574ac48dcf472976eda7f5134015f06bf16563"
  name = "github.com/modern-go/concurrent"
  packages = ["."]
  pruneopts = "UT"
  revision = "bacd9c7ef1dd9b15be4a9909b8ac7a4e313eec94"
  version = "1.0.3"

[[projects]]
  digest = "1:e32bdbdb7c377a07a9a46378290059822efdce5c8d96fe71940d87cb4f918855"
  name = "github.com/modern-go/reflect2"
  packages = ["."]
  pruneopts = "UT"
  revision = "4b7aa43c6742a2c18fdef89dd197aaae7dac7ccd"
  version = "1.0.1"

[[projects]]
  digest = "1:cf5b7fbff2c87cff6c0e11f87b30edc21abc6592e6a76f41003ca6d5a712cf48"
  name = "github.com/mr-tron/base58"
  packages = ["base58"]
  pruneopts = "UT"
  revision = "89529c6904fcd077434931b4eac8b4b2f0991baf"
  version = "v1.1.0"

[[projects]]
  digest = "1:b9fe622bbadbb060338620752b1cb3aa1473855071195ebe83813af5ebb3629b"
  name = "github.com/multiformats/go-base32"
  packages = ["."]
  pruneopts = "UT"
  revision = "a9c2755c3d1672dbe6a7e4a5d182169fa30b6a8e"
  version = "v0.0.3"

[[projects]]
  branch = "master"
  digest = "1:4fb02614401f3511d3c76482b6bc626a307811d53df34610ce5ded5ad83fa05d"
  name = "github.com/multiformats/go-multiaddr"
  packages = ["."]
  pruneopts = "UT"
  revision = "ce21123d5172669bbf37a166078bc5f9d345ec2f"

[[projects]]
  branch = "master"
  digest = "1:e7b7007612b49b368d5b505b624b399a1de5fe2764271b92145aa9ca0440ab4e"
  name = "github.com/multiformats/go-multiaddr-dns"
  packages = ["."]
  pruneopts = "UT"
  revision = "25bd1ef04b2908f182226bff33da5057f3ae306e"

[[projects]]
  digest = "1:ccb950e76138c70abe765c3b9c0e6cad0e55fc66ff53318cea8b651df9f892c7"
  name = "github.com/multiformats/go-multiaddr-net"
  packages = ["."]
  pruneopts = "UT"
  revision = "bd61b0499a3cfc893a8eb109c5669342b1671881"
  version = "v0.0.1"

[[projects]]
  digest = "1:8f2a32f6d211bf2685d5c47ace5d6b59bd4359f69e92b632793d066129a65c4e"
  name = "github.com/multiformats/go-multibase"
  packages = ["."]
  pruneopts = "UT"
  revision = "d63641945dc1749baa23686ad0564ad63fef0493"
  version = "v0.0.1"

[[projects]]
  digest = "1:b113be7291061893f53217f1b34f044f5a8ebd1d296fb6774b307f305a2ef9ed"
  name = "github.com/multiformats/go-multicodec"
  packages = [
    ".",
    "base",
    "base/b64",
    "base/bin",
    "base/hex",
    "base/mux",
    "cbor",
    "json",
    "mux",
  ]
  pruneopts = "UT"
  revision = "b67bc51f663437753e2028cc4b5fea6192479956"
  version = "v0.1.6"

[[projects]]
  digest = "1:f5768e1617d15c776111ba72645780a4f3e4395b00cd92aee08118a813681fa2"
  name = "github.com/multiformats/go-multihash"
  packages = ["."]
  pruneopts = "UT"
  revision = "6b439b7c6e3c44c112171540500be697ba235235"
  version = "v0.0.1"

[[projects]]
  digest = "1:894daf10008cdef37454571b584832b2a281a5709f6b80d7bd440ff3a627c962"
  name = "github.com/multiformats/go-multistream"
  packages = ["."]
  pruneopts = "UT"
  revision = "f3f44044ac2444cd3a017c0b269f8da65b0012f1"
  version = "v0.0.1"

[[projects]]
  digest = "1:450b7623b185031f3a456801155c8320209f75d0d4c4e633c6b1e59d44d6e392"
  name = "github.com/opentracing/opentracing-go"
  packages = [
    ".",
    "ext",
    "log",
  ]
  pruneopts = "UT"
  revision = "1949ddbfd147afd4d964a9f00b24eb291e0e7c38"
  version = "v1.0.2"

[[projects]]
  digest = "1:cf31692c14422fa27c83a05292eb5cbe0fb2775972e8f1f8446a71549bd8980b"
  name = "github.com/pkg/errors"
  packages = ["."]
  pruneopts = "UT"
  revision = "ba968bfe8b2f7e042a574c888954fccecfa385b4"
  version = "v0.8.1"

[[projects]]
  branch = "master"
  digest = "1:d38f81081a389f1466ec98192cf9115a82158854d6f01e1c23e2e7554b97db71"
  name = "github.com/rcrowley/go-metrics"
  packages = ["."]
  pruneopts = "UT"
  revision = "3113b8401b8a98917cde58f8bbd42a1b1c03b1fd"

[[projects]]
  branch = "master"
  digest = "1:43075df85a856dd5b1b736d743430eadbad8d8a4fc6a232b759669b5fa51f8df"
  name = "github.com/semihalev/gin-stats"
  packages = ["."]
  pruneopts = "UT"
  revision = "30fdcbbd353327f4b95c2ce382a05ce003d96f7e"

[[projects]]
  digest = "1:043a68c728982a54355d57e347dd4b52ba5ab3fec50e7a57894b1baa80aa7a9e"
  name = "github.com/sendgrid/rest"
  packages = ["."]
  pruneopts = "UT"
  revision = "306b9bef57dc36f3435ccfcc08fe6ae2c6920344"
  version = "v2.4.1"

[[projects]]
  digest = "1:bf326e9bc2c70dfc765590bfa9c9985e41355f7972fb50e7f052440f3a5122a2"
  name = "github.com/sendgrid/sendgrid-go"
  packages = [
    ".",
    "helpers/mail",
  ]
  pruneopts = "UT"
  revision = "8caf17aa96b4a98bae8bd216878dd50ff12897b5"
  version = "v3.4.1"

[[projects]]
  branch = "master"
  digest = "1:baa0e36ba787113501e02a40cd45e3d17b216285bbaa3dabbc1b26e626ab4a39"
  name = "github.com/streadway/amqp"
  packages = ["."]
  pruneopts = "UT"
  revision = "30f8ed68076eedf14990dafc696f469f58fc1342"

[[projects]]
  digest = "1:c6fe256cb6e87d983c09ccb177118e8be1d372b9038f98a16670124afcae32da"
  name = "github.com/stripe/stripe-go"
  packages = [
    ".",
    "charge",
    "form",
  ]
  pruneopts = "UT"
  revision = "1e0db5d0e3f9f07a375af35d93f8569e75fc5147"
  version = "v57.6.0"

[[projects]]
  digest = "1:4887e9e89c80299aa520d718239809fdd2a47a9aa394909b169959bfbc424ddf"
  name = "github.com/ugorji/go"
  packages = ["codec"]
  pruneopts = "UT"
  revision = "8fd0f8d918c8f0b52d0af210a812ba882cc31a1e"
  version = "v1.1.2"

[[projects]]
  branch = "master"
  digest = "1:ee2495c639b3b0f9736db90775b8978b6d2495566b65fb8439d7b0665a749e16"
  name = "github.com/whyrusleeping/cbor"
  packages = ["go"]
  pruneopts = "UT"
  revision = "63513f603b11583741970c5045ea567130ddb492"

[[projects]]
  branch = "master"
  digest = "1:0102dfa2f98777db8ff68c920bef1be3ff8504e90485b6cdd24d61b981b487b6"
  name = "github.com/whyrusleeping/go-logging"
  packages = ["."]
  pruneopts = "UT"
  revision = "0457bb6b88fc1973573aaf6b5145d8d3ae972390"

[[projects]]
  branch = "master"
  digest = "1:94796f9decedb46b17985693cbe996ce3642a991f0efcf7bf9a6c5197da3eefc"
  name = "github.com/whyrusleeping/go-notifier"
  packages = ["."]
  pruneopts = "UT"
  revision = "097c5d47330ff6a823f67e3515faa13566a62c6f"

[[projects]]
  digest = "1:1c5b129f012e176d9cbcb173c67fef17698a2d0a8169e94c8db9e7beeb3ef716"
  name = "github.com/whyrusleeping/go-smux-multiplex"
  packages = ["."]
  pruneopts = "UT"
  revision = "2b855d4f3a3051b0133f7783bffe06e4b7833d1e"
  version = "v3.0.16"

[[projects]]
  digest = "1:262e85ef9e2082fcb44335f6349699d61d5ac3672d24dcf3bf4cbc7377b51e96"
  name = "github.com/whyrusleeping/go-smux-multistream"
  packages = ["."]
  pruneopts = "UT"
  revision = "e799b10bc6eea2cc5ce18f7b7b4d8e1a0439476d"
  version = "v2.0.2"

[[projects]]
  digest = "1:f1026ff0b15a5282885d6709582eba8d2faf261ffff4bac6960a8e97a4f6dfd5"
  name = "github.com/whyrusleeping/go-smux-yamux"
  packages = ["."]
  pruneopts = "UT"
  revision = "902adacdc02ba8fca64a0d0985576a1dc3138ee5"
  version = "v2.0.9"

[[projects]]
  digest = "1:6c96967502c55c555abfe560f561a124951345e713a8e87cc6e2c214976e6e75"
  name = "github.com/whyrusleeping/mafmt"
  packages = ["."]
  pruneopts = "UT"
  revision = "7aa7fad2ede4e7157818e3e7af5061f866a9ae23"
  version = "v1.2.8"

[[projects]]
  branch = "master"
  digest = "1:94b933c1b26f1da25d25a089937d15987170a0a54109aa521a111345c3e84581"
  name = "github.com/whyrusleeping/multiaddr-filter"
  packages = ["."]
  pruneopts = "UT"
  revision = "e903e4adabd70b78bc9293b6ee4f359afb3f9f59"

[[projects]]
  branch = "master"
  digest = "1:e2599924072678810fe41b00dead8e11e95fa55be2dbc01b5309c4bf04f2209c"
  name = "github.com/whyrusleeping/tar-utils"
  packages = ["."]
  pruneopts = "UT"
  revision = "8c6c8ba81d5c71fd69c0f48dbde4b2fb422b6dfc"

[[projects]]
  digest = "1:1f186490a9ec1359604f041997996fb0caa98878bd53cdf0b89b6b6ec6803af9"
  name = "github.com/whyrusleeping/yamux"
  packages = ["."]
  pruneopts = "UT"
  revision = "5364a42fe4b5efa5967c11c8f9b0f049cac0c4a9"
  version = "v1.1.5"

[[projects]]
  digest = "1:d09caec893d5c9704da8cb3f1ee686ef03a5d86ff3bc3109eb9695977cbd4ee4"
  name = "go.opencensus.io"
  packages = [
    ".",
    "exemplar",
    "internal",
    "internal/tagencoding",
    "plugin/ochttp",
    "plugin/ochttp/propagation/b3",
    "plugin/ochttp/propagation/tracecontext",
    "stats",
    "stats/internal",
    "stats/view",
    "tag",
    "trace",
    "trace/internal",
    "trace/propagation",
    "trace/tracestate",
  ]
  pruneopts = "UT"
  revision = "f305e5c4e2cf345eba88de13d10de1126fa45a61"
  version = "v0.19.1"

[[projects]]
  digest = "1:3c1a69cdae3501bf75e76d0d86dc6f2b0a7421bc205c0cb7b96b19eed464a34d"
  name = "go.uber.org/atomic"
  packages = ["."]
  pruneopts = "UT"
  revision = "1ea20fb1cbb1cc08cbd0d913a96dead89aa18289"
  version = "v1.3.2"

[[projects]]
  digest = "1:60bf2a5e347af463c42ed31a493d817f8a72f102543060ed992754e689805d1a"
  name = "go.uber.org/multierr"
  packages = ["."]
  pruneopts = "UT"
  revision = "3c4937480c32f4c13a875a1829af76c98ca3d40a"
  version = "v1.1.0"

[[projects]]
  digest = "1:adccce69c151272d5053505aee552c6a1ac4e7bf6d18f0206ed7453187f6284d"
  name = "go.uber.org/zap"
  packages = [
    ".",
    "buffer",
    "internal/bufferpool",
    "internal/color",
    "internal/exit",
    "zapcore",
    "zaptest/observer",
  ]
  pruneopts = "UT"
  revision = "ff33455a0e382e8a81d14dd7c922020b6b5e7982"
  version = "v1.9.1"

[[projects]]
  branch = "master"
  digest = "1:6177bbab7290ffcace357846793b6d79a0b571ffbee358320b3248c292812c57"
  name = "golang.org/x/crypto"
  packages = [
    "bcrypt",
    "blake2s",
    "blowfish",
    "ed25519",
    "ed25519/internal/edwards25519",
    "internal/subtle",
    "pbkdf2",
    "salsa20",
    "salsa20/salsa",
    "sha3",
  ]
  pruneopts = "UT"
  revision = "8dd112bcdc25174059e45e07517d9fc663123347"

[[projects]]
  branch = "master"
  digest = "1:01976c6c5d54867d0f37f6c6c074bad236b4f948b95f23d5c3b7fc1a00e1d21b"
  name = "golang.org/x/net"
  packages = [
    "context",
    "html",
    "html/atom",
    "html/charset",
    "http/httpguts",
    "http2",
    "http2/hpack",
    "idna",
    "internal/timeseries",
    "trace",
  ]
  pruneopts = "UT"
  revision = "16b79f2e4e95ea23b2bf9903c9809ff7b013ce85"

[[projects]]
  branch = "master"
  digest = "1:8f4b18a504b32c590d1aa027055e2605621b833125d534b992d63ebad8190943"
  name = "golang.org/x/sys"
  packages = [
    "cpu",
    "unix",
    "windows",
  ]
  pruneopts = "UT"
  revision = "584f3b12f43e1e55248c90e84804777009eed0a4"

[[projects]]
  digest = "1:436b24586f8fee329e0dd65fd67c817681420cda1d7f934345c13fe78c212a73"
  name = "golang.org/x/text"
  packages = [
    "collate",
    "collate/build",
    "encoding",
    "encoding/charmap",
    "encoding/htmlindex",
    "encoding/internal",
    "encoding/internal/identifier",
    "encoding/japanese",
    "encoding/korean",
    "encoding/simplifiedchinese",
    "encoding/traditionalchinese",
    "encoding/unicode",
    "internal/colltab",
    "internal/gen",
    "internal/tag",
    "internal/triegen",
    "internal/ucd",
    "internal/utf8internal",
    "language",
    "runes",
    "secure/bidirule",
    "transform",
    "unicode/bidi",
    "unicode/cldr",
    "unicode/norm",
    "unicode/rangetable",
  ]
  pruneopts = "UT"
  revision = "f21a4dfb5e38f5895301dc265a8def02365cc3d0"
  version = "v0.3.0"

[[projects]]
  branch = "master"
  digest = "1:228bde098aefdcf15d514bc45673610f4168f0bf020682a1194d9acb1d41e1c8"
  name = "google.golang.org/genproto"
  packages = [
    "googleapis/api/annotations",
    "googleapis/rpc/status",
    "protobuf/field_mask",
  ]
  pruneopts = "UT"
  revision = "5fe7a883aa19554f42890211544aa549836af7b7"

[[projects]]
  digest = "1:cbc746de4662c66fd24a037501bd65aa0f8ad0bfca0c92576e0abb88864e3741"
  name = "google.golang.org/grpc"
  packages = [
    ".",
    "balancer",
    "balancer/base",
    "balancer/roundrobin",
    "binarylog/grpc_binarylog_v1",
    "codes",
    "connectivity",
    "credentials",
    "credentials/internal",
    "encoding",
    "encoding/proto",
    "grpclog",
    "internal",
    "internal/backoff",
    "internal/binarylog",
    "internal/channelz",
    "internal/envconfig",
    "internal/grpcrand",
    "internal/grpcsync",
    "internal/syscall",
    "internal/transport",
    "keepalive",
    "metadata",
    "naming",
    "peer",
    "resolver",
    "resolver/dns",
    "resolver/passthrough",
    "stats",
    "status",
    "tap",
  ]
  pruneopts = "UT"
  revision = "2fdaae294f38ed9a121193c51ec99fecd3b13eb7"
  version = "v1.19.0"

[[projects]]
  digest = "1:76dc72490af7174349349838f2fe118996381b31ea83243812a97e5a0fd5ed55"
  name = "gopkg.in/dgrijalva/jwt-go.v3"
  packages = ["."]
  pruneopts = "UT"
  revision = "06ea1031745cb8b3dab3f6a236daf2b0aa468b7e"
  version = "v3.2.0"

[[projects]]
  digest = "1:cbc72c4c4886a918d6ab4b95e347ffe259846260f99ebdd8a198c2331cf2b2e9"
  name = "gopkg.in/go-playground/validator.v8"
  packages = ["."]
  pruneopts = "UT"
  revision = "5f1438d3fca68893a817e4a66806cea46a9e4ebf"
  version = "v8.18.2"

[[projects]]
  digest = "1:4d2e5a73dc1500038e504a8d78b986630e3626dc027bc030ba5c75da257cdb96"
  name = "gopkg.in/yaml.v2"
  packages = ["."]
  pruneopts = "UT"
  revision = "51d6538a90f86fe93ac480b35f37b2be17fef232"
  version = "v2.2.2"

[solve-meta]
  analyzer-name = "dep"
  analyzer-version = 1
  input-imports = [
    "github.com/RTradeLtd/ChainRider-Go/dash",
    "github.com/RTradeLtd/cmd",
    "github.com/RTradeLtd/config",
    "github.com/RTradeLtd/crypto",
    "github.com/RTradeLtd/database",
    "github.com/RTradeLtd/database/models",
    "github.com/RTradeLtd/entropy-mnemonics",
    "github.com/RTradeLtd/go-ipfs-api",
    "github.com/RTradeLtd/gorm",
    "github.com/RTradeLtd/grpc/dialer",
    "github.com/RTradeLtd/grpc/krab",
    "github.com/RTradeLtd/grpc/lensv2",
    "github.com/RTradeLtd/grpc/nexus",
    "github.com/RTradeLtd/grpc/pay",
    "github.com/RTradeLtd/grpc/pay/request",
    "github.com/RTradeLtd/grpc/pay/response",
    "github.com/RTradeLtd/kaas",
    "github.com/RTradeLtd/rtfs",
    "github.com/RTradeLtd/rtfs/beam",
    "github.com/appleboy/gin-jwt",
    "github.com/aviddiviner/gin-limit",
    "github.com/c2h5oh/datasize",
    "github.com/dvwright/xss-mw",
    "github.com/gin-contrib/cors",
    "github.com/gin-contrib/secure",
    "github.com/gin-gonic/gin",
    "github.com/golang/protobuf/proto",
    "github.com/google/uuid",
    "github.com/grpc-ecosystem/grpc-gateway/runtime",
    "github.com/grpc-ecosystem/grpc-gateway/utilities",
    "github.com/ipfs/go-cid",
    "github.com/ipfs/go-ipfs-addr",
    "github.com/ipfs/go-ipfs/core",
    "github.com/ipfs/go-ipfs/repo",
    "github.com/ipfs/ipfs-cluster/api",
    "github.com/ipfs/ipfs-cluster/api/rest/client",
    "github.com/libp2p/go-libp2p-crypto",
    "github.com/libp2p/go-libp2p-peer",
    "github.com/multiformats/go-multiaddr",
    "github.com/semihalev/gin-stats",
    "github.com/sendgrid/rest",
    "github.com/sendgrid/sendgrid-go",
    "github.com/sendgrid/sendgrid-go/helpers/mail",
    "github.com/streadway/amqp",
    "github.com/stripe/stripe-go",
    "github.com/stripe/stripe-go/charge",
    "go.uber.org/zap",
    "go.uber.org/zap/zapcore",
    "go.uber.org/zap/zaptest/observer",
    "golang.org/x/net/context",
    "google.golang.org/genproto/googleapis/api/annotations",
    "google.golang.org/grpc",
    "google.golang.org/grpc/codes",
    "google.golang.org/grpc/credentials",
    "google.golang.org/grpc/grpclog",
    "google.golang.org/grpc/status",
    "gopkg.in/dgrijalva/jwt-go.v3",
  ]
  solver-name = "gps-cdcl"
  solver-version = 1
