# This file is autogenerated, do not edit; changes may be undone by the next 'dep ensure'.


[[projects]]
  branch = "master"
  name = "github.com/RTradeLtd/go-ipfs-api"
  packages = ["."]
  revision = "1c2767ea525149c0d4a81d90a805bf19e8fd84ea"

[[projects]]
  branch = "master"
  name = "github.com/agl/ed25519"
  packages = [
    ".",
    "edwards25519",
    "extra25519"
  ]
  revision = "5312a61534124124185d41f09206b9fef1d88403"

[[projects]]
  name = "github.com/appleboy/gin-jwt"
  packages = ["."]
  revision = "f7347d7c16fc8297bf5b7215b9e4847a5ca05d90"
  version = "v2.3.1"

[[projects]]
  branch = "master"
  name = "github.com/aristanetworks/goarista"
  packages = ["monotime"]
  revision = "06cfa1db77dae2425e143980408e642f7a9d5b09"

[[projects]]
  branch = "master"
  name = "github.com/aviddiviner/gin-limit"
  packages = ["."]
  revision = "43b5f79762c10a62aab8323f9fc45b87e784625f"

[[projects]]
  branch = "master"
  name = "github.com/beorn7/perks"
  packages = ["quantile"]
  revision = "3a771d992973f24aa725d07868b467d1ddfceafb"

[[projects]]
  branch = "master"
  name = "github.com/btcsuite/btcd"
  packages = ["btcec"]
  revision = "86fed781132ac890ee03e906e4ecd5d6fa180c64"

[[projects]]
  branch = "master"
  name = "github.com/c2h5oh/datasize"
  packages = ["."]
  revision = "4eba002a5eaea69cf8d235a388fc6b65ae68d2dd"

[[projects]]
  name = "github.com/coreos/go-semver"
  packages = ["semver"]
  revision = "8ab6407b697782a06568d4b7f1db25550ec2e4c6"
  version = "v0.2.0"

[[projects]]
  branch = "master"
  name = "github.com/danielkov/gin-helmet"
  packages = ["."]
  revision = "1387e224435edcb84dfc4bfc81fe56fc807ca98b"

[[projects]]
  branch = "master"
  name = "github.com/davidlazar/go-crypto"
  packages = ["salsa20"]
  revision = "dcfb0a7ac018a248366f96bcd8a2f8c805d7b268"

[[projects]]
  name = "github.com/dvwright/xss-mw"
  packages = ["."]
  revision = "5b2fd362dcafefa56a87b7a0884a39eaa3c909fc"
  version = "v1.0-Beta"

[[projects]]
  branch = "master"
  name = "github.com/edsrzf/mmap-go"
  packages = ["."]
  revision = "0bce6a6887123b67a60366d2c9fe2dfb74289d2e"

[[projects]]
  name = "github.com/ethereum/go-ethereum"
  packages = [
    ".",
    "accounts",
    "accounts/abi",
    "accounts/abi/bind",
    "accounts/abi/bind/backends",
    "accounts/keystore",
    "accounts/usbwallet",
    "accounts/usbwallet/internal/trezor",
    "bmt",
    "common",
    "common/bitutil",
    "common/hexutil",
    "common/math",
    "common/mclock",
    "consensus",
    "consensus/ethash",
    "consensus/misc",
    "contracts/chequebook",
    "contracts/chequebook/contract",
    "contracts/ens",
    "contracts/ens/contract",
    "core",
    "core/bloombits",
    "core/rawdb",
    "core/state",
    "core/types",
    "core/vm",
    "crypto",
    "crypto/bn256",
    "crypto/bn256/cloudflare",
    "crypto/bn256/google",
    "crypto/ecies",
    "crypto/randentropy",
    "crypto/secp256k1",
    "crypto/sha3",
    "eth/filters",
    "ethclient",
    "ethdb",
    "event",
    "internal/debug",
    "log",
    "log/term",
    "metrics",
    "metrics/exp",
    "node",
    "p2p",
    "p2p/discover",
    "p2p/discv5",
    "p2p/nat",
    "p2p/netutil",
    "params",
    "rlp",
    "rpc",
    "swarm/api",
    "swarm/api/client",
    "swarm/network",
    "swarm/network/kademlia",
    "swarm/services/swap",
    "swarm/services/swap/swap",
    "swarm/storage",
    "trie"
  ]
  revision = "dea1ce052a10cd7d401a5c04f83f371a06fe293c"
  version = "v1.8.11"

[[projects]]
  name = "github.com/fd/go-nat"
  packages = ["."]
  revision = "bad65a492f32121a87197f4a085905c35e2a367e"
  version = "v1.0.0"

[[projects]]
  branch = "master"
  name = "github.com/fjl/memsize"
  packages = [
    ".",
    "memsizeui"
  ]
  revision = "f6d5545993d68e9e42df43eb57958f898dea3623"

[[projects]]
  name = "github.com/gin-contrib/cors"
  packages = ["."]
  revision = "cf4846e6a636a76237a28d9286f163c132e841bc"
  version = "v1.2"

[[projects]]
  branch = "master"
  name = "github.com/gin-contrib/sse"
  packages = ["."]
  revision = "22d885f9ecc78bf4ee5d72b937e4bbcdc58e8cae"

[[projects]]
  branch = "master"
  name = "github.com/gin-gonic/gin"
  packages = [
    ".",
    "binding",
    "json",
    "render"
  ]
  revision = "85221af84cf6ee99dc900bc41912abc09acfc1b5"

[[projects]]
  name = "github.com/go-stack/stack"
  packages = ["."]
  revision = "259ab82a6cad3992b4e21ff5cac294ccb06474bc"
  version = "v1.7.0"

[[projects]]
  name = "github.com/gogo/protobuf"
  packages = [
    "io",
    "proto"
  ]
  revision = "1adfc126b41513cc696b209667c8656ea7aac67c"
  version = "v1.0.0"

[[projects]]
  name = "github.com/golang/protobuf"
  packages = [
    "proto",
    "protoc-gen-go/descriptor"
  ]
  revision = "b4deda0973fb4c70b50d226b1af49f3da59f5265"
  version = "v1.1.0"

[[projects]]
  branch = "master"
  name = "github.com/golang/snappy"
  packages = ["."]
  revision = "2e65f85255dbc3072edf28d6b5b8efc472979f5a"

[[projects]]
  name = "github.com/gorilla/websocket"
  packages = ["."]
  revision = "ea4d1f681babbce9545c9c5f3d5194a789c89f5b"
  version = "v1.2.0"

[[projects]]
  branch = "master"
  name = "github.com/gxed/GoEndian"
  packages = ["."]
  revision = "0f5c6873267e5abf306ffcdfcfa4bf77517ef4a7"

[[projects]]
  branch = "master"
  name = "github.com/gxed/eventfd"
  packages = ["."]
  revision = "80a92cca79a8041496ccc9dd773fcb52a57ec6f9"

[[projects]]
  branch = "master"
  name = "github.com/gxed/hashland"
  packages = ["keccakpg"]
  revision = "d9f6b97f8db22dd1e090fd0bbbe98f09cc7dd0a8"

[[projects]]
  branch = "master"
  name = "github.com/hashicorp/golang-lru"
  packages = [
    ".",
    "simplelru"
  ]
  revision = "0fb14efe8c47ae851c0034ed7a448854d3d34cf3"

[[projects]]
  branch = "master"
  name = "github.com/hsanjuan/go-libp2p-gostream"
  packages = ["."]
  revision = "fb4df4b77cebd7c5fd04f847e6985b647a937560"

[[projects]]
  branch = "master"
  name = "github.com/hsanjuan/go-libp2p-http"
  packages = ["."]
  revision = "25a66b71e7fe040d934f16416191e625b8069c53"

[[projects]]
  branch = "master"
  name = "github.com/huin/goupnp"
  packages = [
    ".",
    "dcps/internetgateway1",
    "dcps/internetgateway2",
    "httpu",
    "scpd",
    "soap",
    "ssdp"
  ]
  revision = "1395d1447324cbea88d249fbfcfd70ea878fdfca"

[[projects]]
  name = "github.com/ipfs/go-cid"
  packages = ["."]
  revision = "5b04f3043387b02aeeee6a35899f0e767bae3b33"
  version = "v0.7.21"

[[projects]]
  branch = "master"
  name = "github.com/ipfs/go-dnslink"
  packages = ["."]
  revision = "6bd705eadef4f982a8936f53c613ac33f77d0d5a"

[[projects]]
  name = "github.com/ipfs/go-ipfs-addr"
  packages = ["."]
  revision = "25333b7bd949a92d00acb4e98f28dfe4999a0e9b"
  version = "v0.1.13"

[[projects]]
  name = "github.com/ipfs/go-ipfs-api"
  packages = ["."]
  revision = "3bb7e7436bb85d6e81e7ab8c87425ef6208706a8"
  version = "v1.2.7"

[[projects]]
  name = "github.com/ipfs/go-ipfs-cmdkit"
  packages = ["files"]
  revision = "3432d7e930e7d6d874654d566fa44573f8e0d955"
  version = "v1.1.1"

[[projects]]
  branch = "master"
  name = "github.com/ipfs/go-ipfs-keystore"
  packages = ["."]
  revision = "0cb901fb46e1ce5547d8f866780a653cfa77bbef"

[[projects]]
  name = "github.com/ipfs/go-ipfs-util"
  packages = ["."]
  revision = "10d786c5ed859afd22223df76a89bf57b24b2ee1"
  version = "v1.2.8"

[[projects]]
  branch = "master"
  name = "github.com/ipfs/go-ipns"
  packages = [
    ".",
    "pb"
  ]
  revision = "43cc7ad5fd98883976c8a50f00d23a849b825cb5"

[[projects]]
  name = "github.com/ipfs/go-log"
  packages = [
    ".",
    "tracer",
    "tracer/wire",
    "writer"
  ]
  revision = "5dc2060baaf8db344f31dafd852340b93811d03f"
  version = "v1.5.3"

[[projects]]
  name = "github.com/ipfs/ipfs-cluster"
  packages = [
    "api",
    "api/rest/client"
  ]
  revision = "0889302c8d71627ccfa23ebd66e8a5dcef75b56e"
  version = "v0.4.0"

[[projects]]
  name = "github.com/jackpal/gateway"
  packages = ["."]
  revision = "3e333950771011fed13be63e62b9f473c5e0d9bf"
  version = "v1.0.4"

[[projects]]
  name = "github.com/jackpal/go-nat-pmp"
  packages = ["."]
  revision = "c9cfead9f2a36ddf3daa40ba269aa7f4bbba6b62"
  version = "v1.0.1"

[[projects]]
  branch = "master"
  name = "github.com/jbenet/go-is-domain"
  packages = ["."]
  revision = "ba9815c809e0dc052e170d8a8920c4636a819977"

[[projects]]
  branch = "master"
  name = "github.com/jbenet/go-temp-err-catcher"
  packages = ["."]
  revision = "aac704a3f4f27190b4ccc05f303a4931fd1241ff"

[[projects]]
  branch = "master"
  name = "github.com/jbenet/goprocess"
  packages = [
    ".",
    "context",
    "periodic",
    "ratelimit"
  ]
  revision = "b497e2f366b8624394fb2e89c10ab607bebdde0b"

[[projects]]
  name = "github.com/jinzhu/gorm"
  packages = [
    ".",
    "dialects/postgres"
  ]
  revision = "6ed508ec6a4ecb3531899a69cbc746ccf65a4166"
  version = "v1.9.1"

[[projects]]
  branch = "master"
  name = "github.com/jinzhu/inflection"
  packages = ["."]
  revision = "04140366298a54a039076d798123ffa108fff46c"

[[projects]]
  name = "github.com/json-iterator/go"
  packages = ["."]
  revision = "ab8a2e0c74be9d3be70b3184d9acc634935ded82"
  version = "1.1.4"

[[projects]]
  branch = "master"
  name = "github.com/lib/pq"
  packages = [
    ".",
    "hstore",
    "oid"
  ]
  revision = "90697d60dd844d5ef6ff15135d0203f65d2f53b8"

[[projects]]
  name = "github.com/libp2p/go-addr-util"
  packages = ["."]
  revision = "3a008c3cc5082119a398b26035e6ac44a74d93f6"
  version = "v2.0.2"

[[projects]]
  name = "github.com/libp2p/go-conn-security"
  packages = [
    ".",
    "insecure"
  ]
  revision = "4e9b511f4f9a6aeef5659909fe9ddf9ee34ab6b2"
  version = "v0.1.3"

[[projects]]
  branch = "master"
  name = "github.com/libp2p/go-conn-security-multistream"
  packages = ["."]
  revision = "88cc698d9588c5d70840938dd523310b0ee8bf20"

[[projects]]
  name = "github.com/libp2p/go-flow-metrics"
  packages = ["."]
  revision = "cc546389dcf06b4bcbf6b8594069588e5c8a1451"
  version = "v0.2.0"

[[projects]]
  name = "github.com/libp2p/go-libp2p"
  packages = [
    ".",
    "config",
    "p2p/host/basic",
    "p2p/protocol/identify",
    "p2p/protocol/identify/pb"
  ]
  revision = "a08d9e63dbf006c905a532d5f645a2bf6fae3bd1"
  version = "v6.0.2"

[[projects]]
  name = "github.com/libp2p/go-libp2p-circuit"
  packages = [
    ".",
    "pb"
  ]
  revision = "7054cca8a16d8324be6be1410285aa4c4c9e40de"
  version = "v2.1.2"

[[projects]]
  name = "github.com/libp2p/go-libp2p-crypto"
  packages = [
    ".",
    "pb"
  ]
  revision = "50487e0f0b4842e9e657317e689fbb8209fab2dc"
  version = "v1.6.2"

[[projects]]
  name = "github.com/libp2p/go-libp2p-host"
  packages = ["."]
  revision = "492c6c2bd43e15964cd2d7bdcb9678a156438088"
  version = "v3.0.2"

[[projects]]
  name = "github.com/libp2p/go-libp2p-interface-connmgr"
  packages = ["."]
  revision = "c76a82a2723df14c24d38c99f21406c8de2d64d3"
  version = "v0.0.9"

[[projects]]
  name = "github.com/libp2p/go-libp2p-interface-pnet"
  packages = ["."]
  revision = "3eda0a328422c06235501df5be481e4b51edc7cf"
  version = "v3.0.0"

[[projects]]
  name = "github.com/libp2p/go-libp2p-loggables"
  packages = ["."]
  revision = "6ce2bbea380b481b0663c51b8969e0472590a5a3"
  version = "v1.1.16"

[[projects]]
  name = "github.com/libp2p/go-libp2p-metrics"
  packages = ["."]
  revision = "0d2c484aa7741e26eca0ea3da4957c8d3201de21"
  version = "v2.1.2"

[[projects]]
  name = "github.com/libp2p/go-libp2p-nat"
  packages = ["."]
  revision = "866e8f0397fb46125a4e08ee07945407c9c9a6ee"
  version = "v0.8.2"

[[projects]]
  name = "github.com/libp2p/go-libp2p-net"
  packages = ["."]
  revision = "a2b01710790f0781c42bf573b8487f2ef69b5895"
  version = "v3.0.2"

[[projects]]
  name = "github.com/libp2p/go-libp2p-peer"
  packages = ["."]
  revision = "e8858116ad7f0a54dfc2bb6af554f2024221d19c"
  version = "v2.3.4"

[[projects]]
  name = "github.com/libp2p/go-libp2p-peerstore"
  packages = [
    ".",
    "addr"
  ]
  revision = "8363aa9ac6cb93e6164037198b2b6a8239c7d4fe"
  version = "v1.4.20"

[[projects]]
  name = "github.com/libp2p/go-libp2p-pnet"
  packages = ["."]
  revision = "e5ab61cf52cb7cc888c812c89400b3f8ee62a3f3"
  version = "v3.0.1"

[[projects]]
  name = "github.com/libp2p/go-libp2p-protocol"
  packages = ["."]
  revision = "e34f0d7468b3519bf9bf4e43c1d028ce651eab51"
  version = "v1.0.0"

[[projects]]
  name = "github.com/libp2p/go-libp2p-pubsub"
  packages = ["pb"]
  revision = "a031ab4d1b8142714eec946acb7033abafade3d7"
  version = "v0.1.0"

[[projects]]
  name = "github.com/libp2p/go-libp2p-record"
  packages = [
    ".",
    "pb"
  ]
  revision = "e1ffee3ceea9ca1e583965bea51bd7b35b543518"
  version = "v4.1.2"

[[projects]]
  name = "github.com/libp2p/go-libp2p-secio"
  packages = [
    ".",
    "pb"
  ]
  revision = "eb43d20a249fc44fa00daffb0f6f23b9911359e2"
  version = "v2.0.2"

[[projects]]
  name = "github.com/libp2p/go-libp2p-swarm"
  packages = ["."]
  revision = "c1461238dbdc214fa10618f87d8a8e92a445e7c9"
  version = "v3.0.2"

[[projects]]
  name = "github.com/libp2p/go-libp2p-transport"
  packages = ["."]
  revision = "5ea881b9fd363ad7fbf6ef7916855dae7d189b5d"
  version = "v3.0.2"

[[projects]]
  name = "github.com/libp2p/go-libp2p-transport-upgrader"
  packages = ["."]
  revision = "9a9b918a26034e4cdf222ffe6e2f27f0b48da6f0"
  version = "v0.1.2"

[[projects]]
  name = "github.com/libp2p/go-maddr-filter"
  packages = ["."]
  revision = "42d77c66758d30044bc76ce97d99d26ae22ffb73"
  version = "v1.1.8"

[[projects]]
  name = "github.com/libp2p/go-msgio"
  packages = [
    ".",
    "mpool"
  ]
  revision = "fa984f54d57f20970aac9309a89a7ea40821f67c"
  version = "v0.0.3"

[[projects]]
  name = "github.com/libp2p/go-reuseport"
  packages = [
    ".",
    "poll",
    "singlepoll"
  ]
  revision = "2b9dda1feae6520af5cbfd0f8175569e5da925c7"
  version = "v0.1.15"

[[projects]]
  name = "github.com/libp2p/go-reuseport-transport"
  packages = ["."]
  revision = "43cb6ab3d2a1cfd6418ba2c7722d5d47dbbd5d18"
  version = "v0.1.6"

[[projects]]
  name = "github.com/libp2p/go-sockaddr"
  packages = ["net"]
  revision = "5c3ac7e71ec1941a0c2ed4271535d9427feb829c"
  version = "v1.0.3"

[[projects]]
  name = "github.com/libp2p/go-stream-muxer"
  packages = ["."]
  revision = "2ba231669cdd8d310277307dec6ced95a190c495"
  version = "v3.0.1"

[[projects]]
  name = "github.com/libp2p/go-tcp-transport"
  packages = ["."]
  revision = "3d170b87862863e5fb40ccfc87eeac46b309149f"
  version = "v2.0.2"

[[projects]]
  name = "github.com/libp2p/go-ws-transport"
  packages = ["."]
  revision = "ae783a7cc28d46e71e958409b31641929d727799"
  version = "v2.0.2"

[[projects]]
  name = "github.com/mattn/go-colorable"
  packages = ["."]
  revision = "167de6bfdfba052fa6b2d3664c8f5272e23c9072"
  version = "v0.0.9"

[[projects]]
  name = "github.com/mattn/go-isatty"
  packages = ["."]
  revision = "0360b2af4f38e8d38c7fce2a9f4e702702d73a39"
  version = "v0.0.3"

[[projects]]
  name = "github.com/matttproud/golang_protobuf_extensions"
  packages = ["pbutil"]
  revision = "c12348ce28de40eed0136aa2b644d0ee0650e56c"
  version = "v1.0.1"

[[projects]]
  branch = "master"
  name = "github.com/microcosm-cc/bluemonday"
  packages = ["."]
  revision = "f0761eb8ed07c1cc892ef631b00c33463b9b6868"

[[projects]]
  branch = "master"
  name = "github.com/minio/blake2b-simd"
  packages = ["."]
  revision = "3f5f724cb5b182a5c278d6d3d55b40e7f8c2efb4"

[[projects]]
  branch = "master"
  name = "github.com/minio/sha256-simd"
  packages = ["."]
  revision = "ad98a36ba0da87206e3378c556abbfeaeaa98668"

[[projects]]
  branch = "master"
  name = "github.com/mitchellh/go-homedir"
  packages = ["."]
  revision = "3864e76763d94a6df2f9960b16a20a33da9f9a66"

[[projects]]
  branch = "master"
  name = "github.com/mitchellh/goamz"
  packages = [
    "aws",
    "route53"
  ]
  revision = "caaaea8b30ee15616494ee68abd5d8ebbbef05cf"

[[projects]]
  name = "github.com/modern-go/concurrent"
  packages = ["."]
  revision = "bacd9c7ef1dd9b15be4a9909b8ac7a4e313eec94"
  version = "1.0.3"

[[projects]]
  name = "github.com/modern-go/reflect2"
  packages = ["."]
  revision = "4b7aa43c6742a2c18fdef89dd197aaae7dac7ccd"
  version = "1.0.1"

[[projects]]
  branch = "master"
  name = "github.com/mr-tron/base58"
  packages = ["base58"]
  revision = "4df4dc6e86a912614d09719d10cad427b087cbfb"

[[projects]]
  branch = "master"
  name = "github.com/multiformats/go-multiaddr"
  packages = ["."]
  revision = "96804982667ed1672985566d0d0c2a7ed6f10e1f"

[[projects]]
  branch = "master"
  name = "github.com/multiformats/go-multiaddr-dns"
  packages = ["."]
  revision = "78f39e8892d4f8c5c9f18679cc06d0b40ecab8cf"

[[projects]]
  name = "github.com/multiformats/go-multiaddr-net"
  packages = ["."]
  revision = "8792ba0a888d6a2415cfa765e4d06d897eaeb19a"
  version = "v1.6.1"

[[projects]]
  name = "github.com/multiformats/go-multibase"
  packages = ["."]
  revision = "dfd5076869faca5aed2886dcba60b44a0d0e9c01"
  version = "v0.2.6"

[[projects]]
  name = "github.com/multiformats/go-multicodec"
  packages = [
    ".",
    "base",
    "base/b64",
    "base/bin",
    "base/hex",
    "base/mux",
    "cbor",
    "json",
    "mux"
  ]
  revision = "65c82c261bfdac27035eb81f3b0f0fc55edbc536"
  version = "v0.1.5"

[[projects]]
  name = "github.com/multiformats/go-multihash"
  packages = ["."]
  revision = "8be2a682ab9f254311de1375145a2f78a809b07d"
  version = "v1.0.8"

[[projects]]
  name = "github.com/multiformats/go-multistream"
  packages = ["."]
  revision = "2b032632ecab1e1b98c8d2391a4f6ab9a6c9e140"
  version = "v0.3.7"

[[projects]]
  branch = "master"
  name = "github.com/onrik/ethrpc"
  packages = ["."]
  revision = "a38990194dea417644f4f383279ab737aa8abb4a"

[[projects]]
  name = "github.com/opentracing/opentracing-go"
  packages = [
    ".",
    "ext",
    "log"
  ]
  revision = "1949ddbfd147afd4d964a9f00b24eb291e0e7c38"
  version = "v1.0.2"

[[projects]]
  name = "github.com/pborman/uuid"
  packages = ["."]
  revision = "e790cca94e6cc75c7064b1332e63811d4aae1a53"
  version = "v1.1"

[[projects]]
  name = "github.com/pkg/errors"
  packages = ["."]
  revision = "645ef00459ed84a119197bfb8d8205042c6df63d"
  version = "v0.8.0"

[[projects]]
  name = "github.com/prometheus/client_golang"
  packages = [
    "prometheus",
    "prometheus/promhttp"
  ]
  revision = "c5b7fccd204277076155f10851dad72b76a49317"
  version = "v0.8.0"

[[projects]]
  branch = "master"
  name = "github.com/prometheus/client_model"
  packages = ["go"]
  revision = "99fa1f4be8e564e8a6b613da7fa6f46c9edafc6c"

[[projects]]
  branch = "master"
  name = "github.com/prometheus/common"
  packages = [
    "expfmt",
    "internal/bitbucket.org/ww/goautoneg",
    "model"
  ]
  revision = "7600349dcfe1abd18d72d3a1770870d9800a7801"

[[projects]]
  branch = "master"
  name = "github.com/prometheus/procfs"
  packages = [
    ".",
    "internal/util",
    "nfs",
    "xfs"
  ]
  revision = "7d6f385de8bea29190f15ba9931442a0eaef9af7"

[[projects]]
  name = "github.com/prometheus/prometheus"
  packages = ["util/flock"]
  revision = "85f23d82a045d103ea7f3c89a91fba4a93e6367a"
  version = "v2.1.0"

[[projects]]
  branch = "master"
  name = "github.com/rcrowley/go-metrics"
  packages = ["."]
  revision = "e2704e165165ec55d062f5919b4b29494e9fa790"

[[projects]]
  branch = "master"
  name = "github.com/rjeczalik/notify"
  packages = ["."]
  revision = "d152f3ce359a5464dc41e84a8919fc67e55bbbf0"

[[projects]]
  name = "github.com/rs/cors"
  packages = ["."]
  revision = "ca016a06a5753f8ba03029c0aa5e54afb1bf713f"
  version = "v1.4.0"

[[projects]]
  name = "github.com/segmentio/go-route53"
  packages = ["."]
  revision = "c58e5d2cc6732704423ea200f7355ab76aa6a8ba"
  version = "v0.2.0"

[[projects]]
  branch = "master"
  name = "github.com/semihalev/gin-stats"
  packages = ["."]
  revision = "30fdcbbd353327f4b95c2ce382a05ce003d96f7e"

[[projects]]
  name = "github.com/sirupsen/logrus"
  packages = ["."]
  revision = "c155da19408a8799da419ed3eeb0cb5db0ad5dbc"
  version = "v1.0.5"

[[projects]]
  name = "github.com/spaolacci/murmur3"
  packages = ["."]
  revision = "9f5d223c60793748f04a9d5b4b4eacddfc1f755d"
  version = "v1.1"

[[projects]]
  branch = "master"
  name = "github.com/streadway/amqp"
  packages = ["."]
  revision = "e5adc2ada8b8efff032bf61173a233d143e9318e"

[[projects]]
  branch = "master"
  name = "github.com/syndtr/goleveldb"
  packages = [
    "leveldb",
    "leveldb/cache",
    "leveldb/comparer",
    "leveldb/errors",
    "leveldb/filter",
    "leveldb/iterator",
    "leveldb/journal",
    "leveldb/memdb",
    "leveldb/opt",
    "leveldb/storage",
    "leveldb/table",
    "leveldb/util"
  ]
  revision = "0d5a0ceb10cf9ab89fdd744cc8c50a83134f6697"

[[projects]]
  name = "github.com/ugorji/go"
  packages = ["codec"]
  revision = "b4c50a2b199d93b13dc15e78929cfb23bfdf21ab"
  version = "v1.1.1"

[[projects]]
  branch = "master"
  name = "github.com/vaughan0/go-ini"
  packages = ["."]
  revision = "a98ad7ee00ec53921f08832bc06ecf7fd600e6a1"

[[projects]]
  branch = "master"
  name = "github.com/whyrusleeping/base32"
  packages = ["."]
  revision = "c30ac30633ccdabefe87eb12465113f06f1bab75"

[[projects]]
  branch = "master"
  name = "github.com/whyrusleeping/cbor"
  packages = ["go"]
  revision = "63513f603b11583741970c5045ea567130ddb492"

[[projects]]
  branch = "master"
  name = "github.com/whyrusleeping/go-logging"
  packages = ["."]
  revision = "0457bb6b88fc1973573aaf6b5145d8d3ae972390"

[[projects]]
  name = "github.com/whyrusleeping/go-multiplex"
  packages = ["."]
  revision = "efc13ba1d477b33bc316288f5d946fbad1afa8c2"
  version = "v0.2.23"

[[projects]]
  branch = "master"
  name = "github.com/whyrusleeping/go-notifier"
  packages = ["."]
  revision = "097c5d47330ff6a823f67e3515faa13566a62c6f"

[[projects]]
  branch = "master"
  name = "github.com/whyrusleeping/go-smux-multiplex"
  packages = ["."]
  revision = "6c9914bb78b80e4e5947a43d27781b8863e19062"

[[projects]]
  branch = "master"
  name = "github.com/whyrusleeping/go-smux-multistream"
  packages = ["."]
  revision = "c707bf3c25fa380b20b54907790efde288775938"

[[projects]]
  branch = "master"
  name = "github.com/whyrusleeping/go-smux-yamux"
  packages = ["."]
  revision = "eac25f3e2d47aae211e457e7664b52634c95eea8"

[[projects]]
  branch = "master"
  name = "github.com/whyrusleeping/mafmt"
  packages = ["."]
  revision = "794419fbc8492a4d5b7ba38b58c2bb47d9e37eaa"

[[projects]]
  branch = "master"
  name = "github.com/whyrusleeping/multiaddr-filter"
  packages = ["."]
  revision = "e903e4adabd70b78bc9293b6ee4f359afb3f9f59"

[[projects]]
  branch = "master"
  name = "github.com/whyrusleeping/tar-utils"
  packages = ["."]
  revision = "8c6c8ba81d5c71fd69c0f48dbde4b2fb422b6dfc"

[[projects]]
  branch = "master"
  name = "github.com/whyrusleeping/yamux"
  packages = ["."]
  revision = "35d045d4429ecf19430a2b94efc590bc40f2f7af"

[[projects]]
  branch = "master"
  name = "github.com/zsais/go-gin-prometheus"
  packages = ["."]
  revision = "3f93884fa240fd102425d65ce9781e561ba40496"

[[projects]]
  branch = "master"
  name = "golang.org/x/crypto"
  packages = [
    "bcrypt",
    "blake2s",
    "blowfish",
    "internal/subtle",
    "pbkdf2",
    "ripemd160",
    "salsa20",
    "salsa20/salsa",
    "scrypt",
    "sha3",
    "ssh/terminal"
  ]
  revision = "a49355c7e3f8fe157a85be2f77e6e269a0f89602"

[[projects]]
  branch = "master"
  name = "golang.org/x/net"
  packages = [
    "context",
    "html",
    "html/atom",
    "html/charset",
    "websocket"
  ]
  revision = "afe8f62b1d6bbd81f31868121a50b06d8188e1f9"

[[projects]]
  branch = "master"
  name = "golang.org/x/sys"
  packages = [
    "cpu",
    "unix",
    "windows"
  ]
  revision = "63fc586f45fe72d95d5240a5d5eb95e6503907d3"

[[projects]]
  name = "golang.org/x/text"
  packages = [
    "encoding",
    "encoding/charmap",
    "encoding/htmlindex",
    "encoding/internal",
    "encoding/internal/identifier",
    "encoding/japanese",
    "encoding/korean",
    "encoding/simplifiedchinese",
    "encoding/traditionalchinese",
    "encoding/unicode",
    "internal/gen",
    "internal/tag",
    "internal/utf8internal",
    "language",
    "runes",
    "transform",
    "unicode/cldr"
  ]
  revision = "f21a4dfb5e38f5895301dc265a8def02365cc3d0"
  version = "v0.3.0"

[[projects]]
  branch = "master"
  name = "golang.org/x/tools"
  packages = [
    "go/ast/astutil",
    "imports",
    "internal/fastwalk"
  ]
  revision = "25b95b48224cce18163c7d49dcfb89a2d5ecd209"

[[projects]]
  name = "gopkg.in/dgrijalva/jwt-go.v3"
  packages = ["."]
  revision = "06ea1031745cb8b3dab3f6a236daf2b0aa468b7e"
  version = "v3.2.0"

[[projects]]
  name = "gopkg.in/fatih/set.v0"
  packages = ["."]
  revision = "57907de300222151a123d29255ed17f5ed43fad3"
  version = "v0.1.0"

[[projects]]
  name = "gopkg.in/go-playground/validator.v8"
  packages = ["."]
  revision = "5f1438d3fca68893a817e4a66806cea46a9e4ebf"
  version = "v8.18.2"

[[projects]]
  branch = "v2"
  name = "gopkg.in/karalabe/cookiejar.v2"
  packages = ["collections/prque"]
  revision = "8dcd6a7f4951f6ff3ee9cbb919a06d8925822e57"

[[projects]]
  branch = "v2"
  name = "gopkg.in/natefinch/npipe.v2"
  packages = ["."]
  revision = "c1b8fa8bdccecb0b8db834ee0b92fdbcfa606dd6"

[[projects]]
  name = "gopkg.in/urfave/cli.v1"
  packages = ["."]
  revision = "cfb38830724cc34fedffe9a2a29fb54fa9169cd1"
  version = "v1.20.0"

[[projects]]
  name = "gopkg.in/yaml.v2"
  packages = ["."]
  revision = "5420a8b6744d3b0345ab293f6fcba19c978f1183"
  version = "v2.2.1"

[solve-meta]
  analyzer-name = "dep"
  analyzer-version = 1
  inputs-digest = "89439cc2c504d85ba84be44c1ed6111330f64df3fb7031ffbf200523fcefbc60"
  solver-name = "gps-cdcl"
  solver-version = 1
