# This file is autogenerated, do not edit; changes may be undone by the next 'dep ensure'.


[[projects]]
  branch = "master"
  name = "github.com/RTradeLtd/ipd-config"
  packages = ["ipdcfg"]
  revision = "8ef4dc93b18bea1963bd869d475d3f03788d19dd"

[[projects]]
  branch = "master"
  name = "github.com/agl/ed25519"
  packages = [
    ".",
    "edwards25519",
    "extra25519"
  ]
  revision = "5312a61534124124185d41f09206b9fef1d88403"

[[projects]]
  branch = "master"
  name = "github.com/appleboy/gin-jwt"
  packages = ["."]
  revision = "30110719738cbef8dd4d93019e70d0fe862e6672"

[[projects]]
  branch = "master"
  name = "github.com/aristanetworks/goarista"
  packages = ["monotime"]
  revision = "59652c8de980f3fef4d4f996665828d89574dbef"

[[projects]]
  branch = "master"
  name = "github.com/aviddiviner/gin-limit"
  packages = ["."]
  revision = "43b5f79762c10a62aab8323f9fc45b87e784625f"

[[projects]]
  branch = "master"
  name = "github.com/beorn7/perks"
  packages = ["quantile"]
  revision = "3a771d992973f24aa725d07868b467d1ddfceafb"

[[projects]]
  branch = "master"
  name = "github.com/btcsuite/btcd"
  packages = ["btcec"]
  revision = "1432d294a5b055c297457c25434efbf13384cc46"

[[projects]]
  branch = "master"
  name = "github.com/chzyer/readline"
  packages = ["."]
  revision = "f6d7a1f6fbf35bbf9beb80dc63c56a29dcfb759f"

[[projects]]
  branch = "master"
  name = "github.com/coreos/go-semver"
  packages = ["semver"]
  revision = "e214231b295a8ea9479f11b70b35d5acf3556d9b"

[[projects]]
  branch = "master"
  name = "github.com/danielkov/gin-helmet"
  packages = ["."]
  revision = "1387e224435edcb84dfc4bfc81fe56fc807ca98b"

[[projects]]
  branch = "master"
  name = "github.com/davidlazar/go-crypto"
  packages = ["salsa20"]
  revision = "dcfb0a7ac018a248366f96bcd8a2f8c805d7b268"

[[projects]]
  branch = "master"
  name = "github.com/docker/spdystream"
  packages = [
    ".",
    "spdy"
  ]
  revision = "bc6354cbbc295e925e4c611ffe90c1f287ee54db"

[[projects]]
  branch = "master"
  name = "github.com/dvwright/xss-mw"
  packages = ["."]
  revision = "5b2fd362dcafefa56a87b7a0884a39eaa3c909fc"

[[projects]]
  branch = "master"
  name = "github.com/edsrzf/mmap-go"
  packages = ["."]
  revision = "0bce6a6887123b67a60366d2c9fe2dfb74289d2e"

[[projects]]
  branch = "master"
  name = "github.com/ethereum/go-ethereum"
  packages = [
    ".",
    "accounts",
    "accounts/abi",
    "accounts/abi/bind",
    "accounts/abi/bind/backends",
    "accounts/keystore",
    "accounts/usbwallet",
    "accounts/usbwallet/internal/trezor",
    "bmt",
    "common",
    "common/bitutil",
    "common/hexutil",
    "common/math",
    "common/mclock",
    "consensus",
    "consensus/ethash",
    "consensus/misc",
    "contracts/chequebook",
    "contracts/chequebook/contract",
    "contracts/ens",
    "contracts/ens/contract",
    "core",
    "core/bloombits",
    "core/rawdb",
    "core/state",
    "core/types",
    "core/vm",
    "crypto",
    "crypto/bn256",
    "crypto/bn256/cloudflare",
    "crypto/bn256/google",
    "crypto/ecies",
    "crypto/randentropy",
    "crypto/secp256k1",
    "crypto/sha3",
    "eth/filters",
    "ethclient",
    "ethdb",
    "event",
    "internal/debug",
    "log",
    "log/term",
    "metrics",
    "metrics/exp",
    "node",
    "p2p",
    "p2p/discover",
    "p2p/discv5",
    "p2p/nat",
    "p2p/netutil",
    "params",
    "rlp",
    "rpc",
    "swarm/api",
    "swarm/api/client",
    "swarm/network",
    "swarm/network/kademlia",
    "swarm/services/swap",
    "swarm/services/swap/swap",
    "swarm/storage",
    "trie"
  ]
  revision = "0fe47e98c4d93f952dc7415f401fd03b2664a21d"

[[projects]]
  branch = "master"
  name = "github.com/fatih/color"
  packages = ["."]
  revision = "2d684516a8861da43017284349b7e303e809ac21"

[[projects]]
  branch = "master"
  name = "github.com/fd/go-nat"
  packages = ["."]
  revision = "dcaf50131e4810440bed2cbb6f7f32c4f4cc95dd"

[[projects]]
  branch = "master"
  name = "github.com/fjl/memsize"
  packages = [
    ".",
    "memsizeui"
  ]
  revision = "f6d5545993d68e9e42df43eb57958f898dea3623"

[[projects]]
  branch = "master"
  name = "github.com/flynn-archive/go-shlex"
  packages = ["."]
  revision = "3f9db97f856818214da2e1057f8ad84803971cff"

[[projects]]
  branch = "master"
  name = "github.com/gin-contrib/rollbar"
  packages = ["."]
  revision = "dc0b4cb11f3e4b4ce030b911aad3c72e3463cc3d"

[[projects]]
  branch = "master"
  name = "github.com/gin-contrib/sse"
  packages = ["."]
  revision = "22d885f9ecc78bf4ee5d72b937e4bbcdc58e8cae"

[[projects]]
  branch = "master"
  name = "github.com/gin-gonic/gin"
  packages = [
    ".",
    "binding",
    "json",
    "render"
  ]
  revision = "bf7803815b0baa22ff7a10457932882dfbf09925"

[[projects]]
  name = "github.com/go-stack/stack"
  packages = ["."]
  revision = "259ab82a6cad3992b4e21ff5cac294ccb06474bc"
  version = "v1.7.0"

[[projects]]
  branch = "master"
  name = "github.com/gogo/protobuf"
  packages = [
    "io",
    "proto"
  ]
  revision = "30cf7ac33676b5786e78c746683f0d4cd64fa75b"

[[projects]]
  branch = "master"
  name = "github.com/golang/protobuf"
  packages = [
    "proto",
    "protoc-gen-go/descriptor"
  ]
  revision = "3a3da3a4e26776cc22a79ef46d5d58477532dede"

[[projects]]
  branch = "master"
  name = "github.com/golang/snappy"
  packages = ["."]
  revision = "2e65f85255dbc3072edf28d6b5b8efc472979f5a"

[[projects]]
  branch = "master"
  name = "github.com/gorilla/websocket"
  packages = ["."]
  revision = "21ab95fa12b9bdd8fecf5fa3586aad941cc98785"

[[projects]]
  branch = "master"
  name = "github.com/gxed/GoEndian"
  packages = ["."]
  revision = "0f5c6873267e5abf306ffcdfcfa4bf77517ef4a7"

[[projects]]
  branch = "master"
  name = "github.com/gxed/eventfd"
  packages = ["."]
  revision = "80a92cca79a8041496ccc9dd773fcb52a57ec6f9"

[[projects]]
  branch = "master"
  name = "github.com/gxed/hashland"
  packages = ["keccakpg"]
  revision = "d9f6b97f8db22dd1e090fd0bbbe98f09cc7dd0a8"

[[projects]]
  branch = "master"
  name = "github.com/hashicorp/golang-lru"
  packages = [
    ".",
    "simplelru"
  ]
  revision = "0fb14efe8c47ae851c0034ed7a448854d3d34cf3"

[[projects]]
  branch = "master"
  name = "github.com/hsanjuan/go-libp2p-gostream"
  packages = ["."]
  revision = "9e4642b6a24c4ddc672c2b3ba3825c67d0474080"

[[projects]]
  branch = "master"
  name = "github.com/hsanjuan/go-libp2p-http"
  packages = ["."]
  revision = "e5a96009b209a10cd6990191c87661c819621fbe"

[[projects]]
  branch = "master"
  name = "github.com/huin/goupnp"
  packages = [
    ".",
    "dcps/internetgateway1",
    "dcps/internetgateway2",
    "httpu",
    "scpd",
    "soap",
    "ssdp"
  ]
  revision = "1395d1447324cbea88d249fbfcfd70ea878fdfca"

[[projects]]
  branch = "master"
  name = "github.com/ipfs/go-cid"
  packages = ["."]
  revision = "078355866b1dda1658b5fdc5496ed7e25fdcf883"

[[projects]]
  branch = "master"
  name = "github.com/ipfs/go-ipfs-api"
  packages = ["."]
  revision = "d204576299ddab1140d043d0abb0d9b60a8a5af4"

[[projects]]
  branch = "master"
  name = "github.com/ipfs/go-ipfs-cmdkit"
  packages = ["files"]
  revision = "c2103d7ae7f889e7329673cc3ba55df8b3863b0f"

[[projects]]
  branch = "master"
  name = "github.com/ipfs/go-ipfs-util"
  packages = ["."]
  revision = "9ed527918c2f20abdf0adfab0553cd87db34f656"

[[projects]]
  branch = "master"
  name = "github.com/ipfs/go-log"
  packages = [
    ".",
    "tracer",
    "tracer/wire",
    "writer"
  ]
  revision = "b9df188d0fae32d69c1a519fa81741668a12f55a"

[[projects]]
  branch = "master"
  name = "github.com/ipfs/ipfs-cluster"
  packages = [
    "api",
    "api/rest/client"
  ]
  revision = "884f9d199a515eb76ee54ae948d0b846598d94af"

[[projects]]
  branch = "master"
  name = "github.com/jackpal/gateway"
  packages = ["."]
  revision = "cbcf4e3f3baee7952fc386c8b2534af4d267c875"

[[projects]]
  branch = "master"
  name = "github.com/jackpal/go-nat-pmp"
  packages = ["."]
  revision = "28a68d0c24adce1da43f8df6a57340909ecd7fdd"

[[projects]]
  branch = "master"
  name = "github.com/jbenet/go-temp-err-catcher"
  packages = ["."]
  revision = "aac704a3f4f27190b4ccc05f303a4931fd1241ff"

[[projects]]
  branch = "master"
  name = "github.com/jbenet/goprocess"
  packages = [
    ".",
    "context",
    "periodic",
    "ratelimit"
  ]
  revision = "b497e2f366b8624394fb2e89c10ab607bebdde0b"

[[projects]]
  branch = "master"
  name = "github.com/jinzhu/gorm"
  packages = [
    ".",
    "dialects/postgres"
  ]
  revision = "9044197ef935c0969d94cbcfba55ccb94d269bed"

[[projects]]
  branch = "master"
  name = "github.com/jinzhu/inflection"
  packages = ["."]
  revision = "04140366298a54a039076d798123ffa108fff46c"

[[projects]]
  name = "github.com/json-iterator/go"
  packages = ["."]
  revision = "ca39e5af3ece67bbcda3d0f4f56a8e24d9f2dad4"
  version = "1.1.3"

[[projects]]
  branch = "master"
  name = "github.com/karalabe/hid"
  packages = ["."]
  revision = "2b4488a37358b7283de4f9622553e85ebbe73125"

[[projects]]
  branch = "master"
  name = "github.com/lib/pq"
  packages = [
    ".",
    "hstore",
    "oid"
  ]
  revision = "d34b9ff171c21ad295489235aec8b6626023cd04"

[[projects]]
  branch = "master"
  name = "github.com/libp2p/go-addr-util"
  packages = ["."]
  revision = "3bd34419494fb7f15182ddd19a5d92ac017a27c6"

[[projects]]
  branch = "master"
  name = "github.com/libp2p/go-flow-metrics"
  packages = ["."]
  revision = "3b3bcfcf78f2dc0e85be13ef3c3adc64cc5a9347"

[[projects]]
  branch = "master"
  name = "github.com/libp2p/go-libp2p"
  packages = [
    ".",
    "p2p/host/basic",
    "p2p/protocol/identify",
    "p2p/protocol/identify/pb"
  ]
  revision = "3b8f2275a2b24de5777aaa4fc77f1af57c5c4387"

[[projects]]
  branch = "master"
  name = "github.com/libp2p/go-libp2p-circuit"
  packages = [
    ".",
    "pb"
  ]
  revision = "772fa57b88017ff6bce887a8d1486b228cacf488"

[[projects]]
  branch = "master"
  name = "github.com/libp2p/go-libp2p-conn"
  packages = ["."]
  revision = "5c445d258745408186410e0ad5128224b00e47fe"

[[projects]]
  branch = "master"
  name = "github.com/libp2p/go-libp2p-crypto"
  packages = [
    ".",
    "pb"
  ]
  revision = "18915b5467c77ad8c07a35328c2cab468667a4e8"

[[projects]]
  branch = "master"
  name = "github.com/libp2p/go-libp2p-host"
  packages = ["."]
  revision = "acf01b322989cf731f66ce70b1ed7c41fe007798"

[[projects]]
  branch = "master"
  name = "github.com/libp2p/go-libp2p-interface-conn"
  packages = ["."]
  revision = "47718f905cc3ccd621b65fc106c521555c4040d3"

[[projects]]
  branch = "master"
  name = "github.com/libp2p/go-libp2p-interface-connmgr"
  packages = ["."]
  revision = "d00fbee4d35c7b5fdbd12499f673a236c6303865"

[[projects]]
  branch = "master"
  name = "github.com/libp2p/go-libp2p-interface-pnet"
  packages = ["."]
  revision = "c6acc383ec0b7b98112971df590d6702885ca821"

[[projects]]
  branch = "master"
  name = "github.com/libp2p/go-libp2p-loggables"
  packages = ["."]
  revision = "3a7ad4dd32462b4d9c07a85021e0f5e1110debb2"

[[projects]]
  branch = "master"
  name = "github.com/libp2p/go-libp2p-metrics"
  packages = [
    ".",
    "conn",
    "stream"
  ]
  revision = "2b4a2757a26649c9a603519647cc9d4478ade5c6"

[[projects]]
  branch = "master"
  name = "github.com/libp2p/go-libp2p-nat"
  packages = ["."]
  revision = "d090f00e553d1b6582e1ec829608a8a9bbf262e1"

[[projects]]
  branch = "master"
  name = "github.com/libp2p/go-libp2p-net"
  packages = ["."]
  revision = "70a8d93f2d8c33b5c1a5f6cc4d2aea21663a264c"

[[projects]]
  branch = "master"
  name = "github.com/libp2p/go-libp2p-peer"
  packages = ["."]
  revision = "aa0e03e559bde9d4749ad8e38595e15a6fe808fa"

[[projects]]
  branch = "master"
  name = "github.com/libp2p/go-libp2p-peerstore"
  packages = [
    ".",
    "addr"
  ]
  revision = "7ac092e7f77f5bda1cb6e4ef95efbe911e97db41"

[[projects]]
  branch = "master"
  name = "github.com/libp2p/go-libp2p-pnet"
  packages = ["."]
  revision = "828d69b74b91ce5b709fcccd9a0ef60a45d6b425"

[[projects]]
  branch = "master"
  name = "github.com/libp2p/go-libp2p-protocol"
  packages = ["."]
  revision = "b29f3d97e3a2fb8b29c5d04290e6cb5c5018004b"

[[projects]]
  branch = "master"
  name = "github.com/libp2p/go-libp2p-pubsub"
  packages = ["pb"]
  revision = "a031ab4d1b8142714eec946acb7033abafade3d7"

[[projects]]
  branch = "master"
  name = "github.com/libp2p/go-libp2p-secio"
  packages = [
    ".",
    "pb"
  ]
  revision = "146b7055645501f741c5644d4a3d207614f08899"

[[projects]]
  branch = "master"
  name = "github.com/libp2p/go-libp2p-swarm"
  packages = ["."]
  revision = "48d6d0ff2d2a4724f6b47f1ed5ffc0ae63e30460"

[[projects]]
  branch = "master"
  name = "github.com/libp2p/go-libp2p-transport"
  packages = ["."]
  revision = "49533464477a869fee537c8cc3fcee286aa8bdcd"

[[projects]]
  branch = "master"
  name = "github.com/libp2p/go-maddr-filter"
  packages = ["."]
  revision = "3c9947befbb92277cc5f85057d387097debc4139"

[[projects]]
  branch = "master"
  name = "github.com/libp2p/go-msgio"
  packages = [
    ".",
    "mpool"
  ]
  revision = "d82125c9907e1365775356505f14277d47dfd4d6"

[[projects]]
  branch = "master"
  name = "github.com/libp2p/go-peerstream"
  packages = ["."]
  revision = "2679b7430e519fc39f9cfbb0c7b7d016705b4ce1"

[[projects]]
  branch = "master"
  name = "github.com/libp2p/go-reuseport"
  packages = [
    ".",
    "poll",
    "singlepoll"
  ]
  revision = "15a1cd37f0502f3b2eccb6d71a7958edda314633"

[[projects]]
  branch = "master"
  name = "github.com/libp2p/go-sockaddr"
  packages = ["net"]
  revision = "f3e9f73a53d14d8257cb9da3d83dda07bbd8b2fe"

[[projects]]
  branch = "master"
  name = "github.com/libp2p/go-stream-muxer"
  packages = ["."]
  revision = "6ebe3f58af097068454b167a89442050b023b571"

[[projects]]
  branch = "master"
  name = "github.com/libp2p/go-tcp-transport"
  packages = ["."]
  revision = "2852032418949429c7d683502e7ea9bff2e951e7"

[[projects]]
  branch = "master"
  name = "github.com/libp2p/go-ws-transport"
  packages = ["."]
  revision = "2c20090616127904f706139653cd40ecac600227"

[[projects]]
  name = "github.com/mattn/go-colorable"
  packages = ["."]
  revision = "167de6bfdfba052fa6b2d3664c8f5272e23c9072"
  version = "v0.0.9"

[[projects]]
  name = "github.com/mattn/go-isatty"
  packages = ["."]
  revision = "0360b2af4f38e8d38c7fce2a9f4e702702d73a39"
  version = "v0.0.3"

[[projects]]
  branch = "master"
  name = "github.com/matttproud/golang_protobuf_extensions"
  packages = ["pbutil"]
  revision = "c12348ce28de40eed0136aa2b644d0ee0650e56c"

[[projects]]
  branch = "master"
  name = "github.com/microcosm-cc/bluemonday"
  packages = ["."]
  revision = "995366fdf961d03629cd17361bddd32745718e2c"

[[projects]]
  branch = "master"
  name = "github.com/minio/blake2b-simd"
  packages = ["."]
  revision = "3f5f724cb5b182a5c278d6d3d55b40e7f8c2efb4"

[[projects]]
  branch = "master"
  name = "github.com/minio/sha256-simd"
  packages = ["."]
  revision = "ad98a36ba0da87206e3378c556abbfeaeaa98668"

[[projects]]
  branch = "master"
  name = "github.com/mitchellh/go-homedir"
  packages = ["."]
  revision = "b8bc1bf767474819792c23f32d8286a45736f1c6"

[[projects]]
  name = "github.com/modern-go/concurrent"
  packages = ["."]
  revision = "bacd9c7ef1dd9b15be4a9909b8ac7a4e313eec94"
  version = "1.0.3"

[[projects]]
  name = "github.com/modern-go/reflect2"
  packages = ["."]
  revision = "1df9eeb2bb81f327b96228865c5687bc2194af3f"
  version = "1.0.0"

[[projects]]
  branch = "master"
  name = "github.com/mr-tron/base58"
  packages = ["base58"]
  revision = "c1bdf7c52f59d6685ca597b9955a443ff95eeee6"

[[projects]]
  branch = "master"
  name = "github.com/multiformats/go-multiaddr"
  packages = ["."]
  revision = "123a717755e0559ec8fda308019cd24e0a37bb07"

[[projects]]
  branch = "master"
  name = "github.com/multiformats/go-multiaddr-dns"
  packages = ["."]
  revision = "c3d4fcd3cbaf54a24b0b68f1461986ede1d59859"

[[projects]]
  branch = "master"
  name = "github.com/multiformats/go-multiaddr-net"
  packages = ["."]
  revision = "97d80565f68c5df715e6ba59c2f6a03d1fc33aaf"

[[projects]]
  branch = "master"
  name = "github.com/multiformats/go-multibase"
  packages = ["."]
  revision = "dfd5076869faca5aed2886dcba60b44a0d0e9c01"

[[projects]]
  branch = "master"
  name = "github.com/multiformats/go-multicodec"
  packages = [
    ".",
    "base",
    "base/b64",
    "base/bin",
    "base/hex",
    "base/mux",
    "cbor",
    "json",
    "mux"
  ]
  revision = "4dd9766b3ba78ea1a9807f0cd199d6c383a7ae5f"

[[projects]]
  branch = "master"
  name = "github.com/multiformats/go-multihash"
  packages = ["."]
  revision = "265e72146e710ff649c6982e3699d01d4e9a18bb"

[[projects]]
  branch = "master"
  name = "github.com/multiformats/go-multistream"
  packages = ["."]
  revision = "612ce31c03aebe1d5adbd3c850ee89e05a82b16d"

[[projects]]
  branch = "master"
  name = "github.com/opentracing/opentracing-go"
  packages = [
    ".",
    "ext",
    "log"
  ]
  revision = "6c572c00d1830223701e155de97408483dfcd14a"

[[projects]]
  name = "github.com/pborman/uuid"
  packages = ["."]
  revision = "e790cca94e6cc75c7064b1332e63811d4aae1a53"
  version = "v1.1"

[[projects]]
  branch = "master"
  name = "github.com/prometheus/client_golang"
  packages = [
    "prometheus",
    "prometheus/promhttp"
  ]
  revision = "46db5568463abc2f384f863c7dca95e2af1bd349"

[[projects]]
  branch = "master"
  name = "github.com/prometheus/client_model"
  packages = ["go"]
  revision = "99fa1f4be8e564e8a6b613da7fa6f46c9edafc6c"

[[projects]]
  branch = "master"
  name = "github.com/prometheus/common"
  packages = [
    "expfmt",
    "internal/bitbucket.org/ww/goautoneg",
    "model"
  ]
  revision = "7600349dcfe1abd18d72d3a1770870d9800a7801"

[[projects]]
  branch = "master"
  name = "github.com/prometheus/procfs"
  packages = [
    ".",
    "internal/util",
    "nfs",
    "xfs"
  ]
  revision = "8b1c2da0d56deffdbb9e48d4414b4e674bd8083e"

[[projects]]
  name = "github.com/prometheus/prometheus"
  packages = ["util/flock"]
  revision = "85f23d82a045d103ea7f3c89a91fba4a93e6367a"
  version = "v2.1.0"

[[projects]]
  branch = "master"
  name = "github.com/rjeczalik/notify"
  packages = ["."]
  revision = "d152f3ce359a5464dc41e84a8919fc67e55bbbf0"

[[projects]]
  name = "github.com/rs/cors"
  packages = ["."]
  revision = "ca016a06a5753f8ba03029c0aa5e54afb1bf713f"
  version = "v1.4.0"

[[projects]]
  branch = "master"
  name = "github.com/satori/go.uuid"
  packages = ["."]
  revision = "36e9d2ebbde5e3f13ab2e25625fd453271d6522e"

[[projects]]
  branch = "master"
  name = "github.com/sirupsen/logrus"
  packages = ["."]
  revision = "0dad3b6953e73d351ec8ebfd8a8c6b088d320381"

[[projects]]
  branch = "master"
  name = "github.com/spaolacci/murmur3"
  packages = ["."]
  revision = "f09979ecbc725b9e6d41a297405f65e7e8804acc"

[[projects]]
  branch = "master"
  name = "github.com/streadway/amqp"
  packages = ["."]
  revision = "8e4aba63da9fc5571e01c6a45dc809a58cbc5a68"

[[projects]]
  branch = "master"
  name = "github.com/stvp/roll"
  packages = ["."]
  revision = "3627a5cbeaeaa68023abd02bb8687925265f2f63"

[[projects]]
  branch = "master"
  name = "github.com/syndtr/goleveldb"
  packages = [
    "leveldb",
    "leveldb/cache",
    "leveldb/comparer",
    "leveldb/errors",
    "leveldb/filter",
    "leveldb/iterator",
    "leveldb/journal",
    "leveldb/memdb",
    "leveldb/opt",
    "leveldb/storage",
    "leveldb/table",
    "leveldb/util"
  ]
  revision = "5d6fca44a948d2be89a9702de7717f0168403d3d"

[[projects]]
  branch = "master"
  name = "github.com/ugorji/go"
  packages = ["codec"]
  revision = "f3cacc17c85ecb7f1b6a9e373ee85d1480919868"

[[projects]]
  branch = "master"
  name = "github.com/whyrusleeping/base32"
  packages = ["."]
  revision = "c30ac30633ccdabefe87eb12465113f06f1bab75"

[[projects]]
  branch = "master"
  name = "github.com/whyrusleeping/cbor"
  packages = ["go"]
  revision = "63513f603b11583741970c5045ea567130ddb492"

[[projects]]
  branch = "master"
  name = "github.com/whyrusleeping/go-logging"
  packages = ["."]
  revision = "0457bb6b88fc1973573aaf6b5145d8d3ae972390"

[[projects]]
  branch = "master"
  name = "github.com/whyrusleeping/go-multiplex"
  packages = ["."]
  revision = "5df09a13ea25dfa553aaf2ecfe23bd4a7c9d5ca0"

[[projects]]
  branch = "master"
  name = "github.com/whyrusleeping/go-notifier"
  packages = ["."]
  revision = "097c5d47330ff6a823f67e3515faa13566a62c6f"

[[projects]]
  branch = "master"
  name = "github.com/whyrusleeping/go-smux-multiplex"
  packages = ["."]
  revision = "5abcc6929ae3a6164818c9d85df242df1cbfcb61"

[[projects]]
  branch = "master"
  name = "github.com/whyrusleeping/go-smux-multistream"
  packages = ["."]
  revision = "afa6825376c14a0462fd420a7d4b4d157c937a42"

[[projects]]
  branch = "master"
  name = "github.com/whyrusleeping/go-smux-spdystream"
  packages = ["."]
  revision = "a6182ff2a058b177f3dc7513fe198e6002f7be78"

[[projects]]
  branch = "master"
  name = "github.com/whyrusleeping/go-smux-yamux"
  packages = ["."]
  revision = "49f324a2b63e778df703cf8e5a502bd56a683ef3"

[[projects]]
  branch = "master"
  name = "github.com/whyrusleeping/mafmt"
  packages = ["."]
  revision = "ab6a47300c1df531e468771e7d08fcd6d33f032e"

[[projects]]
  branch = "master"
  name = "github.com/whyrusleeping/multiaddr-filter"
  packages = ["."]
  revision = "e903e4adabd70b78bc9293b6ee4f359afb3f9f59"

[[projects]]
  branch = "master"
  name = "github.com/whyrusleeping/tar-utils"
  packages = ["."]
  revision = "8c6c8ba81d5c71fd69c0f48dbde4b2fb422b6dfc"

[[projects]]
  branch = "master"
  name = "github.com/whyrusleeping/yamux"
  packages = ["."]
  revision = "63d22127b261bf7014885d25fabe034bed14f04b"

[[projects]]
  branch = "master"
  name = "github.com/zsais/go-gin-prometheus"
  packages = ["."]
  revision = "e0b707b90d56794a3b3593249a75f0625017b405"

[[projects]]
  branch = "master"
  name = "golang.org/x/crypto"
  packages = [
    "blake2s",
    "blowfish",
    "pbkdf2",
    "ripemd160",
    "salsa20",
    "salsa20/salsa",
    "scrypt",
    "sha3",
    "ssh/terminal"
  ]
  revision = "1a580b3eff7814fc9b40602fd35256c63b50f491"

[[projects]]
  branch = "master"
  name = "golang.org/x/net"
  packages = [
    "html",
    "html/atom",
    "html/charset",
    "websocket"
  ]
  revision = "dfa909b99c79129e1100513e5cd36307665e5723"

[[projects]]
  branch = "master"
  name = "golang.org/x/sys"
  packages = [
    "cpu",
    "unix",
    "windows"
  ]
  revision = "b269ba27edabbc65a34a9ccdcaca3744d43ac3c8"

[[projects]]
  branch = "master"
  name = "golang.org/x/text"
  packages = [
    "encoding",
    "encoding/charmap",
    "encoding/htmlindex",
    "encoding/internal",
    "encoding/internal/identifier",
    "encoding/japanese",
    "encoding/korean",
    "encoding/simplifiedchinese",
    "encoding/traditionalchinese",
    "encoding/unicode",
    "internal/gen",
    "internal/language",
    "internal/language/compact",
    "internal/tag",
    "internal/utf8internal",
    "language",
    "runes",
    "transform",
    "unicode/cldr"
  ]
  revision = "5c1cf69b5978e5a34c5f9ba09a83e56acc4b7877"

[[projects]]
  branch = "master"
  name = "golang.org/x/tools"
  packages = [
    "go/ast/astutil",
    "imports",
    "internal/fastwalk"
  ]
  revision = "a5b4c53f6e8bdcafa95a94671bf2d1203365858b"

[[projects]]
  branch = "v2"
  name = "gopkg.in/abiosoft/ishell.v2"
  packages = ["."]
  revision = "42a9bbfa0017d7243b50b8f542076ef3d5e7da6c"

[[projects]]
  branch = "master"
  name = "gopkg.in/dgrijalva/jwt-go.v3"
  packages = ["."]
  revision = "06ea1031745cb8b3dab3f6a236daf2b0aa468b7e"

[[projects]]
  name = "gopkg.in/fatih/set.v0"
  packages = ["."]
  revision = "57907de300222151a123d29255ed17f5ed43fad3"
  version = "v0.1.0"

[[projects]]
  branch = "master"
  name = "gopkg.in/go-playground/validator.v8"
  packages = ["."]
  revision = "5f1438d3fca68893a817e4a66806cea46a9e4ebf"

[[projects]]
  branch = "v2"
  name = "gopkg.in/karalabe/cookiejar.v2"
  packages = ["collections/prque"]
  revision = "8dcd6a7f4951f6ff3ee9cbb919a06d8925822e57"

[[projects]]
  branch = "v2"
  name = "gopkg.in/natefinch/npipe.v2"
  packages = ["."]
  revision = "c1b8fa8bdccecb0b8db834ee0b92fdbcfa606dd6"

[[projects]]
  name = "gopkg.in/urfave/cli.v1"
  packages = ["."]
  revision = "cfb38830724cc34fedffe9a2a29fb54fa9169cd1"
  version = "v1.20.0"

[[projects]]
  branch = "master"
  name = "gopkg.in/yaml.v2"
  packages = ["."]
  revision = "5420a8b6744d3b0345ab293f6fcba19c978f1183"

[solve-meta]
  analyzer-name = "dep"
  analyzer-version = 1
  inputs-digest = "241c80302d403875a974a6d81dca82f63bbc6efae9562e606a530bce473a54dc"
  solver-name = "gps-cdcl"
  solver-version = 1
